// !$*UTF8*$!
{
	archiveVersion = 1;
	classes = {
	};
	objectVersion = 50;
	objects = {

/* Begin PBXBuildFile section */
		1E9758C125E49DAA00CB24D7 /* AppDelegate.swift in Sources */ = {isa = PBXBuildFile; fileRef = 1E9758C025E49DAA00CB24D7 /* AppDelegate.swift */; };
		1E9758C325E49DAA00CB24D7 /* SceneDelegate.swift in Sources */ = {isa = PBXBuildFile; fileRef = 1E9758C225E49DAA00CB24D7 /* SceneDelegate.swift */; };
		1E9758C525E49DAA00CB24D7 /* RedViewController.swift in Sources */ = {isa = PBXBuildFile; fileRef = 1E9758C425E49DAA00CB24D7 /* RedViewController.swift */; };
		1E9758C825E49DAA00CB24D7 /* Main.storyboard in Resources */ = {isa = PBXBuildFile; fileRef = 1E9758C625E49DAA00CB24D7 /* Main.storyboard */; };
		1E9758CA25E49DAB00CB24D7 /* Assets.xcassets in Resources */ = {isa = PBXBuildFile; fileRef = 1E9758C925E49DAB00CB24D7 /* Assets.xcassets */; };
		1E9758CD25E49DAB00CB24D7 /* LaunchScreen.storyboard in Resources */ = {isa = PBXBuildFile; fileRef = 1E9758CB25E49DAB00CB24D7 /* LaunchScreen.storyboard */; };
		1E9758D825E49DAB00CB24D7 /* Tab_Bar_PracticeTests.swift in Sources */ = {isa = PBXBuildFile; fileRef = 1E9758D725E49DAB00CB24D7 /* Tab_Bar_PracticeTests.swift */; };
		1E9758E325E49DAB00CB24D7 /* Tab_Bar_PracticeUITests.swift in Sources */ = {isa = PBXBuildFile; fileRef = 1E9758E225E49DAB00CB24D7 /* Tab_Bar_PracticeUITests.swift */; };
		1E9758F725E4AA3000CB24D7 /* OrangeViewController.swift in Sources */ = {isa = PBXBuildFile; fileRef = 1E9758F625E4AA3000CB24D7 /* OrangeViewController.swift */; };
		1E9758FC25E4AA8B00CB24D7 /* YellowViewController.swift in Sources */ = {isa = PBXBuildFile; fileRef = 1E9758FB25E4AA8B00CB24D7 /* YellowViewController.swift */; };
		1E97590125E4AA9F00CB24D7 /* GreenViewController.swift in Sources */ = {isa = PBXBuildFile; fileRef = 1E97590025E4AA9F00CB24D7 /* GreenViewController.swift */; };
		1E97590625E4AAA700CB24D7 /* BlueViewController.swift in Sources */ = {isa = PBXBuildFile; fileRef = 1E97590525E4AAA700CB24D7 /* BlueViewController.swift */; };
		1E97590B25E4AAB400CB24D7 /* PurpleViewController.swift in Sources */ = {isa = PBXBuildFile; fileRef = 1E97590A25E4AAB400CB24D7 /* PurpleViewController.swift */; };
/* End PBXBuildFile section */

/* Begin PBXContainerItemProxy section */
		1E9758D425E49DAB00CB24D7 /* PBXContainerItemProxy */ = {
			isa = PBXContainerItemProxy;
			containerPortal = 1E9758B525E49DAA00CB24D7 /* Project object */;
			proxyType = 1;
			remoteGlobalIDString = 1E9758BC25E49DAA00CB24D7;
			remoteInfo = "Tab Bar Practice";
		};
		1E9758DF25E49DAB00CB24D7 /* PBXContainerItemProxy */ = {
			isa = PBXContainerItemProxy;
			containerPortal = 1E9758B525E49DAA00CB24D7 /* Project object */;
			proxyType = 1;
			remoteGlobalIDString = 1E9758BC25E49DAA00CB24D7;
			remoteInfo = "Tab Bar Practice";
		};
/* End PBXContainerItemProxy section */

/* Begin PBXFileReference section */
		1E9758BD25E49DAA00CB24D7 /* Tab Bar Practice.app */ = {isa = PBXFileReference; explicitFileType = wrapper.application; includeInIndex = 0; path = "Tab Bar Practice.app"; sourceTree = BUILT_PRODUCTS_DIR; };
		1E9758C025E49DAA00CB24D7 /* AppDelegate.swift */ = {isa = PBXFileReference; lastKnownFileType = sourcecode.swift; path = AppDelegate.swift; sourceTree = "<group>"; };
		1E9758C225E49DAA00CB24D7 /* SceneDelegate.swift */ = {isa = PBXFileReference; lastKnownFileType = sourcecode.swift; path = SceneDelegate.swift; sourceTree = "<group>"; };
		1E9758C425E49DAA00CB24D7 /* RedViewController.swift */ = {isa = PBXFileReference; lastKnownFileType = sourcecode.swift; path = RedViewController.swift; sourceTree = "<group>"; };
		1E9758C725E49DAA00CB24D7 /* Base */ = {isa = PBXFileReference; lastKnownFileType = file.storyboard; name = Base; path = Base.lproj/Main.storyboard; sourceTree = "<group>"; };
		1E9758C925E49DAB00CB24D7 /* Assets.xcassets */ = {isa = PBXFileReference; lastKnownFileType = folder.assetcatalog; path = Assets.xcassets; sourceTree = "<group>"; };
		1E9758CC25E49DAB00CB24D7 /* Base */ = {isa = PBXFileReference; lastKnownFileType = file.storyboard; name = Base; path = Base.lproj/LaunchScreen.storyboard; sourceTree = "<group>"; };
		1E9758CE25E49DAB00CB24D7 /* Info.plist */ = {isa = PBXFileReference; lastKnownFileType = text.plist.xml; path = Info.plist; sourceTree = "<group>"; };
		1E9758D325E49DAB00CB24D7 /* Tab Bar PracticeTests.xctest */ = {isa = PBXFileReference; explicitFileType = wrapper.cfbundle; includeInIndex = 0; path = "Tab Bar PracticeTests.xctest"; sourceTree = BUILT_PRODUCTS_DIR; };
		1E9758D725E49DAB00CB24D7 /* Tab_Bar_PracticeTests.swift */ = {isa = PBXFileReference; lastKnownFileType = sourcecode.swift; path = Tab_Bar_PracticeTests.swift; sourceTree = "<group>"; };
		1E9758D925E49DAB00CB24D7 /* Info.plist */ = {isa = PBXFileReference; lastKnownFileType = text.plist.xml; path = Info.plist; sourceTree = "<group>"; };
		1E9758DE25E49DAB00CB24D7 /* Tab Bar PracticeUITests.xctest */ = {isa = PBXFileReference; explicitFileType = wrapper.cfbundle; includeInIndex = 0; path = "Tab Bar PracticeUITests.xctest"; sourceTree = BUILT_PRODUCTS_DIR; };
		1E9758E225E49DAB00CB24D7 /* Tab_Bar_PracticeUITests.swift */ = {isa = PBXFileReference; lastKnownFileType = sourcecode.swift; path = Tab_Bar_PracticeUITests.swift; sourceTree = "<group>"; };
		1E9758E425E49DAB00CB24D7 /* Info.plist */ = {isa = PBXFileReference; lastKnownFileType = text.plist.xml; path = Info.plist; sourceTree = "<group>"; };
		1E9758F625E4AA3000CB24D7 /* OrangeViewController.swift */ = {isa = PBXFileReference; lastKnownFileType = sourcecode.swift; path = OrangeViewController.swift; sourceTree = "<group>"; };
		1E9758FB25E4AA8B00CB24D7 /* YellowViewController.swift */ = {isa = PBXFileReference; lastKnownFileType = sourcecode.swift; path = YellowViewController.swift; sourceTree = "<group>"; };
		1E97590025E4AA9F00CB24D7 /* GreenViewController.swift */ = {isa = PBXFileReference; lastKnownFileType = sourcecode.swift; path = GreenViewController.swift; sourceTree = "<group>"; };
		1E97590525E4AAA700CB24D7 /* BlueViewController.swift */ = {isa = PBXFileReference; lastKnownFileType = sourcecode.swift; path = BlueViewController.swift; sourceTree = "<group>"; };
		1E97590A25E4AAB400CB24D7 /* PurpleViewController.swift */ = {isa = PBXFileReference; lastKnownFileType = sourcecode.swift; path = PurpleViewController.swift; sourceTree = "<group>"; };
/* End PBXFileReference section */

/* Begin PBXFrameworksBuildPhase section */
		1E9758BA25E49DAA00CB24D7 /* Frameworks */ = {
			isa = PBXFrameworksBuildPhase;
			buildActionMask = 2147483647;
			files = (
			);
			runOnlyForDeploymentPostprocessing = 0;
		};
		1E9758D025E49DAB00CB24D7 /* Frameworks */ = {
			isa = PBXFrameworksBuildPhase;
			buildActionMask = 2147483647;
			files = (
			);
			runOnlyForDeploymentPostprocessing = 0;
		};
		1E9758DB25E49DAB00CB24D7 /* Frameworks */ = {
			isa = PBXFrameworksBuildPhase;
			buildActionMask = 2147483647;
			files = (
			);
			runOnlyForDeploymentPostprocessing = 0;
		};
/* End PBXFrameworksBuildPhase section */

/* Begin PBXGroup section */
		1E9758B425E49DAA00CB24D7 = {
			isa = PBXGroup;
			children = (
				1E9758BF25E49DAA00CB24D7 /* Tab Bar Practice */,
				1E9758D625E49DAB00CB24D7 /* Tab Bar PracticeTests */,
				1E9758E125E49DAB00CB24D7 /* Tab Bar PracticeUITests */,
				1E9758BE25E49DAA00CB24D7 /* Products */,
			);
			sourceTree = "<group>";
		};
		1E9758BE25E49DAA00CB24D7 /* Products */ = {
			isa = PBXGroup;
			children = (
				1E9758BD25E49DAA00CB24D7 /* Tab Bar Practice.app */,
				1E9758D325E49DAB00CB24D7 /* Tab Bar PracticeTests.xctest */,
				1E9758DE25E49DAB00CB24D7 /* Tab Bar PracticeUITests.xctest */,
			);
			name = Products;
			sourceTree = "<group>";
		};
		1E9758BF25E49DAA00CB24D7 /* Tab Bar Practice */ = {
			isa = PBXGroup;
			children = (
				1E9758C025E49DAA00CB24D7 /* AppDelegate.swift */,
				1E9758C225E49DAA00CB24D7 /* SceneDelegate.swift */,
				1E9758C425E49DAA00CB24D7 /* RedViewController.swift */,
				1E9758C625E49DAA00CB24D7 /* Main.storyboard */,
				1E9758FB25E4AA8B00CB24D7 /* YellowViewController.swift */,
				1E97590025E4AA9F00CB24D7 /* GreenViewController.swift */,
				1E97590525E4AAA700CB24D7 /* BlueViewController.swift */,
				1E97590A25E4AAB400CB24D7 /* PurpleViewController.swift */,
				1E9758F625E4AA3000CB24D7 /* OrangeViewController.swift */,
				1E9758C925E49DAB00CB24D7 /* Assets.xcassets */,
				1E9758CB25E49DAB00CB24D7 /* LaunchScreen.storyboard */,
				1E9758CE25E49DAB00CB24D7 /* Info.plist */,
			);
			path = "Tab Bar Practice";
			sourceTree = "<group>";
		};
		1E9758D625E49DAB00CB24D7 /* Tab Bar PracticeTests */ = {
			isa = PBXGroup;
			children = (
				1E9758D725E49DAB00CB24D7 /* Tab_Bar_PracticeTests.swift */,
				1E9758D925E49DAB00CB24D7 /* Info.plist */,
			);
			path = "Tab Bar PracticeTests";
			sourceTree = "<group>";
		};
		1E9758E125E49DAB00CB24D7 /* Tab Bar PracticeUITests */ = {
			isa = PBXGroup;
			children = (
				1E9758E225E49DAB00CB24D7 /* Tab_Bar_PracticeUITests.swift */,
				1E9758E425E49DAB00CB24D7 /* Info.plist */,
			);
			path = "Tab Bar PracticeUITests";
			sourceTree = "<group>";
		};
/* End PBXGroup section */

/* Begin PBXNativeTarget section */
		1E9758BC25E49DAA00CB24D7 /* Tab Bar Practice */ = {
			isa = PBXNativeTarget;
			buildConfigurationList = 1E9758E725E49DAB00CB24D7 /* Build configuration list for PBXNativeTarget "Tab Bar Practice" */;
			buildPhases = (
				1E9758B925E49DAA00CB24D7 /* Sources */,
				1E9758BA25E49DAA00CB24D7 /* Frameworks */,
				1E9758BB25E49DAA00CB24D7 /* Resources */,
			);
			buildRules = (
			);
			dependencies = (
			);
			name = "Tab Bar Practice";
			productName = "Tab Bar Practice";
			productReference = 1E9758BD25E49DAA00CB24D7 /* Tab Bar Practice.app */;
			productType = "com.apple.product-type.application";
		};
		1E9758D225E49DAB00CB24D7 /* Tab Bar PracticeTests */ = {
			isa = PBXNativeTarget;
			buildConfigurationList = 1E9758EA25E49DAB00CB24D7 /* Build configuration list for PBXNativeTarget "Tab Bar PracticeTests" */;
			buildPhases = (
				1E9758CF25E49DAB00CB24D7 /* Sources */,
				1E9758D025E49DAB00CB24D7 /* Frameworks */,
				1E9758D125E49DAB00CB24D7 /* Resources */,
			);
			buildRules = (
			);
			dependencies = (
				1E9758D525E49DAB00CB24D7 /* PBXTargetDependency */,
			);
			name = "Tab Bar PracticeTests";
			productName = "Tab Bar PracticeTests";
			productReference = 1E9758D325E49DAB00CB24D7 /* Tab Bar PracticeTests.xctest */;
			productType = "com.apple.product-type.bundle.unit-test";
		};
		1E9758DD25E49DAB00CB24D7 /* Tab Bar PracticeUITests */ = {
			isa = PBXNativeTarget;
			buildConfigurationList = 1E9758ED25E49DAB00CB24D7 /* Build configuration list for PBXNativeTarget "Tab Bar PracticeUITests" */;
			buildPhases = (
				1E9758DA25E49DAB00CB24D7 /* Sources */,
				1E9758DB25E49DAB00CB24D7 /* Frameworks */,
				1E9758DC25E49DAB00CB24D7 /* Resources */,
			);
			buildRules = (
			);
			dependencies = (
				1E9758E025E49DAB00CB24D7 /* PBXTargetDependency */,
			);
			name = "Tab Bar PracticeUITests";
			productName = "Tab Bar PracticeUITests";
			productReference = 1E9758DE25E49DAB00CB24D7 /* Tab Bar PracticeUITests.xctest */;
			productType = "com.apple.product-type.bundle.ui-testing";
		};
/* End PBXNativeTarget section */

/* Begin PBXProject section */
		1E9758B525E49DAA00CB24D7 /* Project object */ = {
			isa = PBXProject;
			attributes = {
				LastSwiftUpdateCheck = 1240;
				LastUpgradeCheck = 1240;
				TargetAttributes = {
					1E9758BC25E49DAA00CB24D7 = {
						CreatedOnToolsVersion = 12.4;
					};
					1E9758D225E49DAB00CB24D7 = {
						CreatedOnToolsVersion = 12.4;
						TestTargetID = 1E9758BC25E49DAA00CB24D7;
					};
					1E9758DD25E49DAB00CB24D7 = {
						CreatedOnToolsVersion = 12.4;
						TestTargetID = 1E9758BC25E49DAA00CB24D7;
					};
				};
			};
			buildConfigurationList = 1E9758B825E49DAA00CB24D7 /* Build configuration list for PBXProject "Tab Bar Practice" */;
			compatibilityVersion = "Xcode 9.3";
			developmentRegion = en;
			hasScannedForEncodings = 0;
			knownRegions = (
				en,
				Base,
			);
			mainGroup = 1E9758B425E49DAA00CB24D7;
			productRefGroup = 1E9758BE25E49DAA00CB24D7 /* Products */;
			projectDirPath = "";
			projectRoot = "";
			targets = (
				1E9758BC25E49DAA00CB24D7 /* Tab Bar Practice */,
				1E9758D225E49DAB00CB24D7 /* Tab Bar PracticeTests */,
				1E9758DD25E49DAB00CB24D7 /* Tab Bar PracticeUITests */,
			);
		};
/* End PBXProject section */

/* Begin PBXResourcesBuildPhase section */
		1E9758BB25E49DAA00CB24D7 /* Resources */ = {
			isa = PBXResourcesBuildPhase;
			buildActionMask = 2147483647;
			files = (
				1E9758CD25E49DAB00CB24D7 /* LaunchScreen.storyboard in Resources */,
				1E9758CA25E49DAB00CB24D7 /* Assets.xcassets in Resources */,
				1E9758C825E49DAA00CB24D7 /* Main.storyboard in Resources */,
			);
			runOnlyForDeploymentPostprocessing = 0;
		};
		1E9758D125E49DAB00CB24D7 /* Resources */ = {
			isa = PBXResourcesBuildPhase;
			buildActionMask = 2147483647;
			files = (
			);
			runOnlyForDeploymentPostprocessing = 0;
		};
		1E9758DC25E49DAB00CB24D7 /* Resources */ = {
			isa = PBXResourcesBuildPhase;
			buildActionMask = 2147483647;
			files = (
			);
			runOnlyForDeploymentPostprocessing = 0;
		};
/* End PBXResourcesBuildPhase section */

/* Begin PBXSourcesBuildPhase section */
		1E9758B925E49DAA00CB24D7 /* Sources */ = {
			isa = PBXSourcesBuildPhase;
			buildActionMask = 2147483647;
			files = (
				1E97590125E4AA9F00CB24D7 /* GreenViewController.swift in Sources */,
				1E9758F725E4AA3000CB24D7 /* OrangeViewController.swift in Sources */,
				1E9758C525E49DAA00CB24D7 /* RedViewController.swift in Sources */,
				1E9758C125E49DAA00CB24D7 /* AppDelegate.swift in Sources */,
				1E97590B25E4AAB400CB24D7 /* PurpleViewController.swift in Sources */,
				1E9758C325E49DAA00CB24D7 /* SceneDelegate.swift in Sources */,
				1E9758FC25E4AA8B00CB24D7 /* YellowViewController.swift in Sources */,
				1E97590625E4AAA700CB24D7 /* BlueViewController.swift in Sources */,
			);
			runOnlyForDeploymentPostprocessing = 0;
		};
		1E9758CF25E49DAB00CB24D7 /* Sources */ = {
			isa = PBXSourcesBuildPhase;
			buildActionMask = 2147483647;
			files = (
				1E9758D825E49DAB00CB24D7 /* Tab_Bar_PracticeTests.swift in Sources */,
			);
			runOnlyForDeploymentPostprocessing = 0;
		};
		1E9758DA25E49DAB00CB24D7 /* Sources */ = {
			isa = PBXSourcesBuildPhase;
			buildActionMask = 2147483647;
			files = (
				1E9758E325E49DAB00CB24D7 /* Tab_Bar_PracticeUITests.swift in Sources */,
			);
			runOnlyForDeploymentPostprocessing = 0;
		};
/* End PBXSourcesBuildPhase section */

/* Begin PBXTargetDependency section */
		1E9758D525E49DAB00CB24D7 /* PBXTargetDependency */ = {
			isa = PBXTargetDependency;
			target = 1E9758BC25E49DAA00CB24D7 /* Tab Bar Practice */;
			targetProxy = 1E9758D425E49DAB00CB24D7 /* PBXContainerItemProxy */;
		};
		1E9758E025E49DAB00CB24D7 /* PBXTargetDependency */ = {
			isa = PBXTargetDependency;
			target = 1E9758BC25E49DAA00CB24D7 /* Tab Bar Practice */;
			targetProxy = 1E9758DF25E49DAB00CB24D7 /* PBXContainerItemProxy */;
		};
/* End PBXTargetDependency section */

/* Begin PBXVariantGroup section */
		1E9758C625E49DAA00CB24D7 /* Main.storyboard */ = {
			isa = PBXVariantGroup;
			children = (
				1E9758C725E49DAA00CB24D7 /* Base */,
			);
			name = Main.storyboard;
			sourceTree = "<group>";
		};
		1E9758CB25E49DAB00CB24D7 /* LaunchScreen.storyboard */ = {
			isa = PBXVariantGroup;
			children = (
				1E9758CC25E49DAB00CB24D7 /* Base */,
			);
			name = LaunchScreen.storyboard;
			sourceTree = "<group>";
		};
/* End PBXVariantGroup section */

/* Begin XCBuildConfiguration section */
		1E9758E525E49DAB00CB24D7 /* Debug */ = {
			isa = XCBuildConfiguration;
			buildSettings = {
				ALWAYS_SEARCH_USER_PATHS = NO;
				CLANG_ANALYZER_NONNULL = YES;
				CLANG_ANALYZER_NUMBER_OBJECT_CONVERSION = YES_AGGRESSIVE;
				CLANG_CXX_LANGUAGE_STANDARD = "gnu++14";
				CLANG_CXX_LIBRARY = "libc++";
				CLANG_ENABLE_MODULES = YES;
				CLANG_ENABLE_OBJC_ARC = YES;
				CLANG_ENABLE_OBJC_WEAK = YES;
				CLANG_WARN_BLOCK_CAPTURE_AUTORELEASING = YES;
				CLANG_WARN_BOOL_CONVERSION = YES;
				CLANG_WARN_COMMA = YES;
				CLANG_WARN_CONSTANT_CONVERSION = YES;
				CLANG_WARN_DEPRECATED_OBJC_IMPLEMENTATIONS = YES;
				CLANG_WARN_DIRECT_OBJC_ISA_USAGE = YES_ERROR;
				CLANG_WARN_DOCUMENTATION_COMMENTS = YES;
				CLANG_WARN_EMPTY_BODY = YES;
				CLANG_WARN_ENUM_CONVERSION = YES;
				CLANG_WARN_INFINITE_RECURSION = YES;
				CLANG_WARN_INT_CONVERSION = YES;
				CLANG_WARN_NON_LITERAL_NULL_CONVERSION = YES;
				CLANG_WARN_OBJC_IMPLICIT_RETAIN_SELF = YES;
				CLANG_WARN_OBJC_LITERAL_CONVERSION = YES;
				CLANG_WARN_OBJC_ROOT_CLASS = YES_ERROR;
				CLANG_WARN_QUOTED_INCLUDE_IN_FRAMEWORK_HEADER = YES;
				CLANG_WARN_RANGE_LOOP_ANALYSIS = YES;
				CLANG_WARN_STRICT_PROTOTYPES = YES;
				CLANG_WARN_SUSPICIOUS_MOVE = YES;
				CLANG_WARN_UNGUARDED_AVAILABILITY = YES_AGGRESSIVE;
				CLANG_WARN_UNREACHABLE_CODE = YES;
				CLANG_WARN__DUPLICATE_METHOD_MATCH = YES;
				COPY_PHASE_STRIP = NO;
				DEBUG_INFORMATION_FORMAT = dwarf;
				ENABLE_STRICT_OBJC_MSGSEND = YES;
				ENABLE_TESTABILITY = YES;
				GCC_C_LANGUAGE_STANDARD = gnu11;
				GCC_DYNAMIC_NO_PIC = NO;
				GCC_NO_COMMON_BLOCKS = YES;
				GCC_OPTIMIZATION_LEVEL = 0;
				GCC_PREPROCESSOR_DEFINITIONS = (
					"DEBUG=1",
					"$(inherited)",
				);
				GCC_WARN_64_TO_32_BIT_CONVERSION = YES;
				GCC_WARN_ABOUT_RETURN_TYPE = YES_ERROR;
				GCC_WARN_UNDECLARED_SELECTOR = YES;
				GCC_WARN_UNINITIALIZED_AUTOS = YES_AGGRESSIVE;
				GCC_WARN_UNUSED_FUNCTION = YES;
				GCC_WARN_UNUSED_VARIABLE = YES;
				IPHONEOS_DEPLOYMENT_TARGET = 14.4;
				MTL_ENABLE_DEBUG_INFO = INCLUDE_SOURCE;
				MTL_FAST_MATH = YES;
				ONLY_ACTIVE_ARCH = YES;
				SDKROOT = iphoneos;
				SWIFT_ACTIVE_COMPILATION_CONDITIONS = DEBUG;
				SWIFT_OPTIMIZATION_LEVEL = "-Onone";
			};
			name = Debug;
		};
		1E9758E625E49DAB00CB24D7 /* Release */ = {
			isa = XCBuildConfiguration;
			buildSettings = {
				ALWAYS_SEARCH_USER_PATHS = NO;
				CLANG_ANALYZER_NONNULL = YES;
				CLANG_ANALYZER_NUMBER_OBJECT_CONVERSION = YES_AGGRESSIVE;
				CLANG_CXX_LANGUAGE_STANDARD = "gnu++14";
				CLANG_CXX_LIBRARY = "libc++";
				CLANG_ENABLE_MODULES = YES;
				CLANG_ENABLE_OBJC_ARC = YES;
				CLANG_ENABLE_OBJC_WEAK = YES;
				CLANG_WARN_BLOCK_CAPTURE_AUTORELEASING = YES;
				CLANG_WARN_BOOL_CONVERSION = YES;
				CLANG_WARN_COMMA = YES;
				CLANG_WARN_CONSTANT_CONVERSION = YES;
				CLANG_WARN_DEPRECATED_OBJC_IMPLEMENTATIONS = YES;
				CLANG_WARN_DIRECT_OBJC_ISA_USAGE = YES_ERROR;
				CLANG_WARN_DOCUMENTATION_COMMENTS = YES;
				CLANG_WARN_EMPTY_BODY = YES;
				CLANG_WARN_ENUM_CONVERSION = YES;
				CLANG_WARN_INFINITE_RECURSION = YES;
				CLANG_WARN_INT_CONVERSION = YES;
				CLANG_WARN_NON_LITERAL_NULL_CONVERSION = YES;
				CLANG_WARN_OBJC_IMPLICIT_RETAIN_SELF = YES;
				CLANG_WARN_OBJC_LITERAL_CONVERSION = YES;
				CLANG_WARN_OBJC_ROOT_CLASS = YES_ERROR;
				CLANG_WARN_QUOTED_INCLUDE_IN_FRAMEWORK_HEADER = YES;
				CLANG_WARN_RANGE_LOOP_ANALYSIS = YES;
				CLANG_WARN_STRICT_PROTOTYPES = YES;
				CLANG_WARN_SUSPICIOUS_MOVE = YES;
				CLANG_WARN_UNGUARDED_AVAILABILITY = YES_AGGRESSIVE;
				CLANG_WARN_UNREACHABLE_CODE = YES;
				CLANG_WARN__DUPLICATE_METHOD_MATCH = YES;
				COPY_PHASE_STRIP = NO;
				DEBUG_INFORMATION_FORMAT = "dwarf-with-dsym";
				ENABLE_NS_ASSERTIONS = NO;
				ENABLE_STRICT_OBJC_MSGSEND = YES;
				GCC_C_LANGUAGE_STANDARD = gnu11;
				GCC_NO_COMMON_BLOCKS = YES;
				GCC_WARN_64_TO_32_BIT_CONVERSION = YES;
				GCC_WARN_ABOUT_RETURN_TYPE = YES_ERROR;
				GCC_WARN_UNDECLARED_SELECTOR = YES;
				GCC_WARN_UNINITIALIZED_AUTOS = YES_AGGRESSIVE;
				GCC_WARN_UNUSED_FUNCTION = YES;
				GCC_WARN_UNUSED_VARIABLE = YES;
				IPHONEOS_DEPLOYMENT_TARGET = 14.4;
				MTL_ENABLE_DEBUG_INFO = NO;
				MTL_FAST_MATH = YES;
				SDKROOT = iphoneos;
				SWIFT_COMPILATION_MODE = wholemodule;
				SWIFT_OPTIMIZATION_LEVEL = "-O";
				VALIDATE_PRODUCT = YES;
			};
			name = Release;
		};
		1E9758E825E49DAB00CB24D7 /* Debug */ = {
			isa = XCBuildConfiguration;
			buildSettings = {
				ASSETCATALOG_COMPILER_APPICON_NAME = AppIcon;
				ASSETCATALOG_COMPILER_GLOBAL_ACCENT_COLOR_NAME = AccentColor;
				CODE_SIGN_STYLE = Automatic;
				DEVELOPMENT_TEAM = DD77Z52DR7;
				INFOPLIST_FILE = "Tab Bar Practice/Info.plist";
				LD_RUNPATH_SEARCH_PATHS = (
					"$(inherited)",
					"@executable_path/Frameworks",
				);
				PRODUCT_BUNDLE_IDENTIFIER = "ryanbit.Tab-Bar-Practice";
				PRODUCT_NAME = "$(TARGET_NAME)";
				SWIFT_VERSION = 5.0;
				TARGETED_DEVICE_FAMILY = "1,2";
			};
			name = Debug;
		};
		1E9758E925E49DAB00CB24D7 /* Release */ = {
			isa = XCBuildConfiguration;
			buildSettings = {
				ASSETCATALOG_COMPILER_APPICON_NAME = AppIcon;
				ASSETCATALOG_COMPILER_GLOBAL_ACCENT_COLOR_NAME = AccentColor;
				CODE_SIGN_STYLE = Automatic;
				DEVELOPMENT_TEAM = DD77Z52DR7;
				INFOPLIST_FILE = "Tab Bar Practice/Info.plist";
				LD_RUNPATH_SEARCH_PATHS = (
					"$(inherited)",
					"@executable_path/Frameworks",
				);
				PRODUCT_BUNDLE_IDENTIFIER = "ryanbit.Tab-Bar-Practice";
				PRODUCT_NAME = "$(TARGET_NAME)";
				SWIFT_VERSION = 5.0;
				TARGETED_DEVICE_FAMILY = "1,2";
			};
			name = Release;
		};
		1E9758EB25E49DAB00CB24D7 /* Debug */ = {
			isa = XCBuildConfiguration;
			buildSettings = {
				ALWAYS_EMBED_SWIFT_STANDARD_LIBRARIES = YES;
				BUNDLE_LOADER = "$(TEST_HOST)";
				CODE_SIGN_STYLE = Automatic;
				DEVELOPMENT_TEAM = DD77Z52DR7;
				INFOPLIST_FILE = "Tab Bar PracticeTests/Info.plist";
				IPHONEOS_DEPLOYMENT_TARGET = 14.4;
				LD_RUNPATH_SEARCH_PATHS = (
					"$(inherited)",
					"@executable_path/Frameworks",
					"@loader_path/Frameworks",
				);
				PRODUCT_BUNDLE_IDENTIFIER = "ryanbit.Tab-Bar-PracticeTests";
				PRODUCT_NAME = "$(TARGET_NAME)";
				SWIFT_VERSION = 5.0;
				TARGETED_DEVICE_FAMILY = "1,2";
				TEST_HOST = "$(BUILT_PRODUCTS_DIR)/Tab Bar Practice.app/Tab Bar Practice";
			};
			name = Debug;
		};
		1E9758EC25E49DAB00CB24D7 /* Release */ = {
			isa = XCBuildConfiguration;
			buildSettings = {
				ALWAYS_EMBED_SWIFT_STANDARD_LIBRARIES = YES;
				BUNDLE_LOADER = "$(TEST_HOST)";
				CODE_SIGN_STYLE = Automatic;
				DEVELOPMENT_TEAM = DD77Z52DR7;
				INFOPLIST_FILE = "Tab Bar PracticeTests/Info.plist";
				IPHONEOS_DEPLOYMENT_TARGET = 14.4;
				LD_RUNPATH_SEARCH_PATHS = (
					"$(inherited)",
					"@executable_path/Frameworks",
					"@loader_path/Frameworks",
				);
				PRODUCT_BUNDLE_IDENTIFIER = "ryanbit.Tab-Bar-PracticeTests";
				PRODUCT_NAME = "$(TARGET_NAME)";
				SWIFT_VERSION = 5.0;
				TARGETED_DEVICE_FAMILY = "1,2";
				TEST_HOST = "$(BUILT_PRODUCTS_DIR)/Tab Bar Practice.app/Tab Bar Practice";
			};
			name = Release;
		};
		1E9758EE25E49DAB00CB24D7 /* Debug */ = {
			isa = XCBuildConfiguration;
			buildSettings = {
				ALWAYS_EMBED_SWIFT_STANDARD_LIBRARIES = YES;
				CODE_SIGN_STYLE = Automatic;
				DEVELOPMENT_TEAM = DD77Z52DR7;
				INFOPLIST_FILE = "Tab Bar PracticeUITests/Info.plist";
				LD_RUNPATH_SEARCH_PATHS = (
					"$(inherited)",
					"@executable_path/Frameworks",
					"@loader_path/Frameworks",
				);
				PRODUCT_BUNDLE_IDENTIFIER = "ryanbit.Tab-Bar-PracticeUITests";
				PRODUCT_NAME = "$(TARGET_NAME)";
				SWIFT_VERSION = 5.0;
				TARGETED_DEVICE_FAMILY = "1,2";
				TEST_TARGET_NAME = "Tab Bar Practice";
			};
			name = Debug;
		};
		1E9758EF25E49DAB00CB24D7 /* Release */ = {
			isa = XCBuildConfiguration;
			buildSettings = {
				ALWAYS_EMBED_SWIFT_STANDARD_LIBRARIES = YES;
				CODE_SIGN_STYLE = Automatic;
				DEVELOPMENT_TEAM = DD77Z52DR7;
				INFOPLIST_FILE = "Tab Bar PracticeUITests/Info.plist";
				LD_RUNPATH_SEARCH_PATHS = (
					"$(inherited)",
					"@executable_path/Frameworks",
					"@loader_path/Frameworks",
				);
				PRODUCT_BUNDLE_IDENTIFIER = "ryanbit.Tab-Bar-PracticeUITests";
				PRODUCT_NAME = "$(TARGET_NAME)";
				SWIFT_VERSION = 5.0;
				TARGETED_DEVICE_FAMILY = "1,2";
				TEST_TARGET_NAME = "Tab Bar Practice";
			};
			name = Release;
		};
/* End XCBuildConfiguration section */

/* Begin XCConfigurationList section */
		1E9758B825E49DAA00CB24D7 /* Build configuration list for PBXProject "Tab Bar Practice" */ = {
			isa = XCConfigurationList;
			buildConfigurations = (
				1E9758E525E49DAB00CB24D7 /* Debug */,
				1E9758E625E49DAB00CB24D7 /* Release */,
			);
			defaultConfigurationIsVisible = 0;
			defaultConfigurationName = Release;
		};
		1E9758E725E49DAB00CB24D7 /* Build configuration list for PBXNativeTarget "Tab Bar Practice" */ = {
			isa = XCConfigurationList;
			buildConfigurations = (
				1E9758E825E49DAB00CB24D7 /* Debug */,
				1E9758E925E49DAB00CB24D7 /* Release */,
			);
			defaultConfigurationIsVisible = 0;
			defaultConfigurationName = Release;
		};
		1E9758EA25E49DAB00CB24D7 /* Build configuration list for PBXNativeTarget "Tab Bar PracticeTests" */ = {
			isa = XCConfigurationList;
			buildConfigurations = (
				1E9758EB25E49DAB00CB24D7 /* Debug */,
				1E9758EC25E49DAB00CB24D7 /* Release */,
			);
			defaultConfigurationIsVisible = 0;
			defaultConfigurationName = Release;
		};
		1E9758ED25E49DAB00CB24D7 /* Build configuration list for PBXNativeTarget "Tab Bar PracticeUITests" */ = {
			isa = XCConfigurationList;
			buildConfigurations = (
				1E9758EE25E49DAB00CB24D7 /* Debug */,
				1E9758EF25E49DAB00CB24D7 /* Release */,
			);
			defaultConfigurationIsVisible = 0;
			defaultConfigurationName = Release;
		};
/* End XCConfigurationList section */
	};
	rootObject = 1E9758B525E49DAA00CB24D7 /* Project object */;
}
