// !$*UTF8*$!
{
	archiveVersion = 1;
	classes = {
	};
	objectVersion = 50;
	objects = {

/* Begin PBXBuildFile section */
		1E2E18B725C8632C009AEDED /* AppDelegate.swift in Sources */ = {isa = PBXBuildFile; fileRef = 1E2E18B625C8632C009AEDED /* AppDelegate.swift */; };
		1E2E18B925C8632C009AEDED /* SceneDelegate.swift in Sources */ = {isa = PBXBuildFile; fileRef = 1E2E18B825C8632C009AEDED /* SceneDelegate.swift */; };
		1E2E18BB25C8632C009AEDED /* ViewController.swift in Sources */ = {isa = PBXBuildFile; fileRef = 1E2E18BA25C8632C009AEDED /* ViewController.swift */; };
		1E2E18BE25C8632C009AEDED /* Main.storyboard in Resources */ = {isa = PBXBuildFile; fileRef = 1E2E18BC25C8632C009AEDED /* Main.storyboard */; };
		1E2E18C025C8632D009AEDED /* Assets.xcassets in Resources */ = {isa = PBXBuildFile; fileRef = 1E2E18BF25C8632D009AEDED /* Assets.xcassets */; };
		1E2E18C325C8632D009AEDED /* LaunchScreen.storyboard in Resources */ = {isa = PBXBuildFile; fileRef = 1E2E18C125C8632D009AEDED /* LaunchScreen.storyboard */; };
		1E2E18CE25C8632D009AEDED /* Apple_PieTests.swift in Sources */ = {isa = PBXBuildFile; fileRef = 1E2E18CD25C8632D009AEDED /* Apple_PieTests.swift */; };
		1E2E18D925C8632D009AEDED /* Apple_PieUITests.swift in Sources */ = {isa = PBXBuildFile; fileRef = 1E2E18D825C8632D009AEDED /* Apple_PieUITests.swift */; };
		1EDD00D225C86FDD00071BA4 /* Game.swift in Sources */ = {isa = PBXBuildFile; fileRef = 1EDD00D125C86FDD00071BA4 /* Game.swift */; };
/* End PBXBuildFile section */

/* Begin PBXContainerItemProxy section */
		1E2E18CA25C8632D009AEDED /* PBXContainerItemProxy */ = {
			isa = PBXContainerItemProxy;
			containerPortal = 1E2E18AB25C8632B009AEDED /* Project object */;
			proxyType = 1;
			remoteGlobalIDString = 1E2E18B225C8632C009AEDED;
			remoteInfo = "Apple Pie";
		};
		1E2E18D525C8632D009AEDED /* PBXContainerItemProxy */ = {
			isa = PBXContainerItemProxy;
			containerPortal = 1E2E18AB25C8632B009AEDED /* Project object */;
			proxyType = 1;
			remoteGlobalIDString = 1E2E18B225C8632C009AEDED;
			remoteInfo = "Apple Pie";
		};
/* End PBXContainerItemProxy section */

/* Begin PBXFileReference section */
		1E2E18B325C8632C009AEDED /* Apple Pie.app */ = {isa = PBXFileReference; explicitFileType = wrapper.application; includeInIndex = 0; path = "Apple Pie.app"; sourceTree = BUILT_PRODUCTS_DIR; };
		1E2E18B625C8632C009AEDED /* AppDelegate.swift */ = {isa = PBXFileReference; lastKnownFileType = sourcecode.swift; path = AppDelegate.swift; sourceTree = "<group>"; };
		1E2E18B825C8632C009AEDED /* SceneDelegate.swift */ = {isa = PBXFileReference; lastKnownFileType = sourcecode.swift; path = SceneDelegate.swift; sourceTree = "<group>"; };
		1E2E18BA25C8632C009AEDED /* ViewController.swift */ = {isa = PBXFileReference; lastKnownFileType = sourcecode.swift; path = ViewController.swift; sourceTree = "<group>"; };
		1E2E18BD25C8632C009AEDED /* Base */ = {isa = PBXFileReference; lastKnownFileType = file.storyboard; name = Base; path = Base.lproj/Main.storyboard; sourceTree = "<group>"; };
		1E2E18BF25C8632D009AEDED /* Assets.xcassets */ = {isa = PBXFileReference; lastKnownFileType = folder.assetcatalog; path = Assets.xcassets; sourceTree = "<group>"; };
		1E2E18C225C8632D009AEDED /* Base */ = {isa = PBXFileReference; lastKnownFileType = file.storyboard; name = Base; path = Base.lproj/LaunchScreen.storyboard; sourceTree = "<group>"; };
		1E2E18C425C8632D009AEDED /* Info.plist */ = {isa = PBXFileReference; lastKnownFileType = text.plist.xml; path = Info.plist; sourceTree = "<group>"; };
		1E2E18C925C8632D009AEDED /* Apple PieTests.xctest */ = {isa = PBXFileReference; explicitFileType = wrapper.cfbundle; includeInIndex = 0; path = "Apple PieTests.xctest"; sourceTree = BUILT_PRODUCTS_DIR; };
		1E2E18CD25C8632D009AEDED /* Apple_PieTests.swift */ = {isa = PBXFileReference; lastKnownFileType = sourcecode.swift; path = Apple_PieTests.swift; sourceTree = "<group>"; };
		1E2E18CF25C8632D009AEDED /* Info.plist */ = {isa = PBXFileReference; lastKnownFileType = text.plist.xml; path = Info.plist; sourceTree = "<group>"; };
		1E2E18D425C8632D009AEDED /* Apple PieUITests.xctest */ = {isa = PBXFileReference; explicitFileType = wrapper.cfbundle; includeInIndex = 0; path = "Apple PieUITests.xctest"; sourceTree = BUILT_PRODUCTS_DIR; };
		1E2E18D825C8632D009AEDED /* Apple_PieUITests.swift */ = {isa = PBXFileReference; lastKnownFileType = sourcecode.swift; path = Apple_PieUITests.swift; sourceTree = "<group>"; };
		1E2E18DA25C8632D009AEDED /* Info.plist */ = {isa = PBXFileReference; lastKnownFileType = text.plist.xml; path = Info.plist; sourceTree = "<group>"; };
		1EDD00D125C86FDD00071BA4 /* Game.swift */ = {isa = PBXFileReference; lastKnownFileType = sourcecode.swift; path = Game.swift; sourceTree = "<group>"; };
/* End PBXFileReference section */

/* Begin PBXFrameworksBuildPhase section */
		1E2E18B025C8632C009AEDED /* Frameworks */ = {
			isa = PBXFrameworksBuildPhase;
			buildActionMask = 2147483647;
			files = (
			);
			runOnlyForDeploymentPostprocessing = 0;
		};
		1E2E18C625C8632D009AEDED /* Frameworks */ = {
			isa = PBXFrameworksBuildPhase;
			buildActionMask = 2147483647;
			files = (
			);
			runOnlyForDeploymentPostprocessing = 0;
		};
		1E2E18D125C8632D009AEDED /* Frameworks */ = {
			isa = PBXFrameworksBuildPhase;
			buildActionMask = 2147483647;
			files = (
			);
			runOnlyForDeploymentPostprocessing = 0;
		};
/* End PBXFrameworksBuildPhase section */

/* Begin PBXGroup section */
		1E2E18AA25C8632B009AEDED = {
			isa = PBXGroup;
			children = (
				1E2E18B525C8632C009AEDED /* Apple Pie */,
				1E2E18CC25C8632D009AEDED /* Apple PieTests */,
				1E2E18D725C8632D009AEDED /* Apple PieUITests */,
				1E2E18B425C8632C009AEDED /* Products */,
			);
			sourceTree = "<group>";
		};
		1E2E18B425C8632C009AEDED /* Products */ = {
			isa = PBXGroup;
			children = (
				1E2E18B325C8632C009AEDED /* Apple Pie.app */,
				1E2E18C925C8632D009AEDED /* Apple PieTests.xctest */,
				1E2E18D425C8632D009AEDED /* Apple PieUITests.xctest */,
			);
			name = Products;
			sourceTree = "<group>";
		};
		1E2E18B525C8632C009AEDED /* Apple Pie */ = {
			isa = PBXGroup;
			children = (
				1E2E18B625C8632C009AEDED /* AppDelegate.swift */,
				1E2E18B825C8632C009AEDED /* SceneDelegate.swift */,
				1E2E18BA25C8632C009AEDED /* ViewController.swift */,
				1EDD00D125C86FDD00071BA4 /* Game.swift */,
				1E2E18BC25C8632C009AEDED /* Main.storyboard */,
				1E2E18BF25C8632D009AEDED /* Assets.xcassets */,
				1E2E18C125C8632D009AEDED /* LaunchScreen.storyboard */,
				1E2E18C425C8632D009AEDED /* Info.plist */,
			);
			path = "Apple Pie";
			sourceTree = "<group>";
		};
		1E2E18CC25C8632D009AEDED /* Apple PieTests */ = {
			isa = PBXGroup;
			children = (
				1E2E18CD25C8632D009AEDED /* Apple_PieTests.swift */,
				1E2E18CF25C8632D009AEDED /* Info.plist */,
			);
			path = "Apple PieTests";
			sourceTree = "<group>";
		};
		1E2E18D725C8632D009AEDED /* Apple PieUITests */ = {
			isa = PBXGroup;
			children = (
				1E2E18D825C8632D009AEDED /* Apple_PieUITests.swift */,
				1E2E18DA25C8632D009AEDED /* Info.plist */,
			);
			path = "Apple PieUITests";
			sourceTree = "<group>";
		};
/* End PBXGroup section */

/* Begin PBXNativeTarget section */
		1E2E18B225C8632C009AEDED /* Apple Pie */ = {
			isa = PBXNativeTarget;
			buildConfigurationList = 1E2E18DD25C8632D009AEDED /* Build configuration list for PBXNativeTarget "Apple Pie" */;
			buildPhases = (
				1E2E18AF25C8632C009AEDED /* Sources */,
				1E2E18B025C8632C009AEDED /* Frameworks */,
				1E2E18B125C8632C009AEDED /* Resources */,
			);
			buildRules = (
			);
			dependencies = (
			);
			name = "Apple Pie";
			productName = "Apple Pie";
			productReference = 1E2E18B325C8632C009AEDED /* Apple Pie.app */;
			productType = "com.apple.product-type.application";
		};
		1E2E18C825C8632D009AEDED /* Apple PieTests */ = {
			isa = PBXNativeTarget;
			buildConfigurationList = 1E2E18E025C8632D009AEDED /* Build configuration list for PBXNativeTarget "Apple PieTests" */;
			buildPhases = (
				1E2E18C525C8632D009AEDED /* Sources */,
				1E2E18C625C8632D009AEDED /* Frameworks */,
				1E2E18C725C8632D009AEDED /* Resources */,
			);
			buildRules = (
			);
			dependencies = (
				1E2E18CB25C8632D009AEDED /* PBXTargetDependency */,
			);
			name = "Apple PieTests";
			productName = "Apple PieTests";
			productReference = 1E2E18C925C8632D009AEDED /* Apple PieTests.xctest */;
			productType = "com.apple.product-type.bundle.unit-test";
		};
		1E2E18D325C8632D009AEDED /* Apple PieUITests */ = {
			isa = PBXNativeTarget;
			buildConfigurationList = 1E2E18E325C8632D009AEDED /* Build configuration list for PBXNativeTarget "Apple PieUITests" */;
			buildPhases = (
				1E2E18D025C8632D009AEDED /* Sources */,
				1E2E18D125C8632D009AEDED /* Frameworks */,
				1E2E18D225C8632D009AEDED /* Resources */,
			);
			buildRules = (
			);
			dependencies = (
				1E2E18D625C8632D009AEDED /* PBXTargetDependency */,
			);
			name = "Apple PieUITests";
			productName = "Apple PieUITests";
			productReference = 1E2E18D425C8632D009AEDED /* Apple PieUITests.xctest */;
			productType = "com.apple.product-type.bundle.ui-testing";
		};
/* End PBXNativeTarget section */

/* Begin PBXProject section */
		1E2E18AB25C8632B009AEDED /* Project object */ = {
			isa = PBXProject;
			attributes = {
				LastSwiftUpdateCheck = 1240;
				LastUpgradeCheck = 1240;
				TargetAttributes = {
					1E2E18B225C8632C009AEDED = {
						CreatedOnToolsVersion = 12.4;
					};
					1E2E18C825C8632D009AEDED = {
						CreatedOnToolsVersion = 12.4;
						TestTargetID = 1E2E18B225C8632C009AEDED;
					};
					1E2E18D325C8632D009AEDED = {
						CreatedOnToolsVersion = 12.4;
						TestTargetID = 1E2E18B225C8632C009AEDED;
					};
				};
			};
			buildConfigurationList = 1E2E18AE25C8632B009AEDED /* Build configuration list for PBXProject "Apple Pie" */;
			compatibilityVersion = "Xcode 9.3";
			developmentRegion = en;
			hasScannedForEncodings = 0;
			knownRegions = (
				en,
				Base,
			);
			mainGroup = 1E2E18AA25C8632B009AEDED;
			productRefGroup = 1E2E18B425C8632C009AEDED /* Products */;
			projectDirPath = "";
			projectRoot = "";
			targets = (
				1E2E18B225C8632C009AEDED /* Apple Pie */,
				1E2E18C825C8632D009AEDED /* Apple PieTests */,
				1E2E18D325C8632D009AEDED /* Apple PieUITests */,
			);
		};
/* End PBXProject section */

/* Begin PBXResourcesBuildPhase section */
		1E2E18B125C8632C009AEDED /* Resources */ = {
			isa = PBXResourcesBuildPhase;
			buildActionMask = 2147483647;
			files = (
				1E2E18C325C8632D009AEDED /* LaunchScreen.storyboard in Resources */,
				1E2E18C025C8632D009AEDED /* Assets.xcassets in Resources */,
				1E2E18BE25C8632C009AEDED /* Main.storyboard in Resources */,
			);
			runOnlyForDeploymentPostprocessing = 0;
		};
		1E2E18C725C8632D009AEDED /* Resources */ = {
			isa = PBXResourcesBuildPhase;
			buildActionMask = 2147483647;
			files = (
			);
			runOnlyForDeploymentPostprocessing = 0;
		};
		1E2E18D225C8632D009AEDED /* Resources */ = {
			isa = PBXResourcesBuildPhase;
			buildActionMask = 2147483647;
			files = (
			);
			runOnlyForDeploymentPostprocessing = 0;
		};
/* End PBXResourcesBuildPhase section */

/* Begin PBXSourcesBuildPhase section */
		1E2E18AF25C8632C009AEDED /* Sources */ = {
			isa = PBXSourcesBuildPhase;
			buildActionMask = 2147483647;
			files = (
				1E2E18BB25C8632C009AEDED /* ViewController.swift in Sources */,
				1E2E18B725C8632C009AEDED /* AppDelegate.swift in Sources */,
				1E2E18B925C8632C009AEDED /* SceneDelegate.swift in Sources */,
				1EDD00D225C86FDD00071BA4 /* Game.swift in Sources */,
			);
			runOnlyForDeploymentPostprocessing = 0;
		};
		1E2E18C525C8632D009AEDED /* Sources */ = {
			isa = PBXSourcesBuildPhase;
			buildActionMask = 2147483647;
			files = (
				1E2E18CE25C8632D009AEDED /* Apple_PieTests.swift in Sources */,
			);
			runOnlyForDeploymentPostprocessing = 0;
		};
		1E2E18D025C8632D009AEDED /* Sources */ = {
			isa = PBXSourcesBuildPhase;
			buildActionMask = 2147483647;
			files = (
				1E2E18D925C8632D009AEDED /* Apple_PieUITests.swift in Sources */,
			);
			runOnlyForDeploymentPostprocessing = 0;
		};
/* End PBXSourcesBuildPhase section */

/* Begin PBXTargetDependency section */
		1E2E18CB25C8632D009AEDED /* PBXTargetDependency */ = {
			isa = PBXTargetDependency;
			target = 1E2E18B225C8632C009AEDED /* Apple Pie */;
			targetProxy = 1E2E18CA25C8632D009AEDED /* PBXContainerItemProxy */;
		};
		1E2E18D625C8632D009AEDED /* PBXTargetDependency */ = {
			isa = PBXTargetDependency;
			target = 1E2E18B225C8632C009AEDED /* Apple Pie */;
			targetProxy = 1E2E18D525C8632D009AEDED /* PBXContainerItemProxy */;
		};
/* End PBXTargetDependency section */

/* Begin PBXVariantGroup section */
		1E2E18BC25C8632C009AEDED /* Main.storyboard */ = {
			isa = PBXVariantGroup;
			children = (
				1E2E18BD25C8632C009AEDED /* Base */,
			);
			name = Main.storyboard;
			sourceTree = "<group>";
		};
		1E2E18C125C8632D009AEDED /* LaunchScreen.storyboard */ = {
			isa = PBXVariantGroup;
			children = (
				1E2E18C225C8632D009AEDED /* Base */,
			);
			name = LaunchScreen.storyboard;
			sourceTree = "<group>";
		};
/* End PBXVariantGroup section */

/* Begin XCBuildConfiguration section */
		1E2E18DB25C8632D009AEDED /* Debug */ = {
			isa = XCBuildConfiguration;
			buildSettings = {
				ALWAYS_SEARCH_USER_PATHS = NO;
				CLANG_ANALYZER_NONNULL = YES;
				CLANG_ANALYZER_NUMBER_OBJECT_CONVERSION = YES_AGGRESSIVE;
				CLANG_CXX_LANGUAGE_STANDARD = "gnu++14";
				CLANG_CXX_LIBRARY = "libc++";
				CLANG_ENABLE_MODULES = YES;
				CLANG_ENABLE_OBJC_ARC = YES;
				CLANG_ENABLE_OBJC_WEAK = YES;
				CLANG_WARN_BLOCK_CAPTURE_AUTORELEASING = YES;
				CLANG_WARN_BOOL_CONVERSION = YES;
				CLANG_WARN_COMMA = YES;
				CLANG_WARN_CONSTANT_CONVERSION = YES;
				CLANG_WARN_DEPRECATED_OBJC_IMPLEMENTATIONS = YES;
				CLANG_WARN_DIRECT_OBJC_ISA_USAGE = YES_ERROR;
				CLANG_WARN_DOCUMENTATION_COMMENTS = YES;
				CLANG_WARN_EMPTY_BODY = YES;
				CLANG_WARN_ENUM_CONVERSION = YES;
				CLANG_WARN_INFINITE_RECURSION = YES;
				CLANG_WARN_INT_CONVERSION = YES;
				CLANG_WARN_NON_LITERAL_NULL_CONVERSION = YES;
				CLANG_WARN_OBJC_IMPLICIT_RETAIN_SELF = YES;
				CLANG_WARN_OBJC_LITERAL_CONVERSION = YES;
				CLANG_WARN_OBJC_ROOT_CLASS = YES_ERROR;
				CLANG_WARN_QUOTED_INCLUDE_IN_FRAMEWORK_HEADER = YES;
				CLANG_WARN_RANGE_LOOP_ANALYSIS = YES;
				CLANG_WARN_STRICT_PROTOTYPES = YES;
				CLANG_WARN_SUSPICIOUS_MOVE = YES;
				CLANG_WARN_UNGUARDED_AVAILABILITY = YES_AGGRESSIVE;
				CLANG_WARN_UNREACHABLE_CODE = YES;
				CLANG_WARN__DUPLICATE_METHOD_MATCH = YES;
				COPY_PHASE_STRIP = NO;
				DEBUG_INFORMATION_FORMAT = dwarf;
				ENABLE_STRICT_OBJC_MSGSEND = YES;
				ENABLE_TESTABILITY = YES;
				GCC_C_LANGUAGE_STANDARD = gnu11;
				GCC_DYNAMIC_NO_PIC = NO;
				GCC_NO_COMMON_BLOCKS = YES;
				GCC_OPTIMIZATION_LEVEL = 0;
				GCC_PREPROCESSOR_DEFINITIONS = (
					"DEBUG=1",
					"$(inherited)",
				);
				GCC_WARN_64_TO_32_BIT_CONVERSION = YES;
				GCC_WARN_ABOUT_RETURN_TYPE = YES_ERROR;
				GCC_WARN_UNDECLARED_SELECTOR = YES;
				GCC_WARN_UNINITIALIZED_AUTOS = YES_AGGRESSIVE;
				GCC_WARN_UNUSED_FUNCTION = YES;
				GCC_WARN_UNUSED_VARIABLE = YES;
				IPHONEOS_DEPLOYMENT_TARGET = 14.4;
				MTL_ENABLE_DEBUG_INFO = INCLUDE_SOURCE;
				MTL_FAST_MATH = YES;
				ONLY_ACTIVE_ARCH = YES;
				SDKROOT = iphoneos;
				SWIFT_ACTIVE_COMPILATION_CONDITIONS = DEBUG;
				SWIFT_OPTIMIZATION_LEVEL = "-Onone";
			};
			name = Debug;
		};
		1E2E18DC25C8632D009AEDED /* Release */ = {
			isa = XCBuildConfiguration;
			buildSettings = {
				ALWAYS_SEARCH_USER_PATHS = NO;
				CLANG_ANALYZER_NONNULL = YES;
				CLANG_ANALYZER_NUMBER_OBJECT_CONVERSION = YES_AGGRESSIVE;
				CLANG_CXX_LANGUAGE_STANDARD = "gnu++14";
				CLANG_CXX_LIBRARY = "libc++";
				CLANG_ENABLE_MODULES = YES;
				CLANG_ENABLE_OBJC_ARC = YES;
				CLANG_ENABLE_OBJC_WEAK = YES;
				CLANG_WARN_BLOCK_CAPTURE_AUTORELEASING = YES;
				CLANG_WARN_BOOL_CONVERSION = YES;
				CLANG_WARN_COMMA = YES;
				CLANG_WARN_CONSTANT_CONVERSION = YES;
				CLANG_WARN_DEPRECATED_OBJC_IMPLEMENTATIONS = YES;
				CLANG_WARN_DIRECT_OBJC_ISA_USAGE = YES_ERROR;
				CLANG_WARN_DOCUMENTATION_COMMENTS = YES;
				CLANG_WARN_EMPTY_BODY = YES;
				CLANG_WARN_ENUM_CONVERSION = YES;
				CLANG_WARN_INFINITE_RECURSION = YES;
				CLANG_WARN_INT_CONVERSION = YES;
				CLANG_WARN_NON_LITERAL_NULL_CONVERSION = YES;
				CLANG_WARN_OBJC_IMPLICIT_RETAIN_SELF = YES;
				CLANG_WARN_OBJC_LITERAL_CONVERSION = YES;
				CLANG_WARN_OBJC_ROOT_CLASS = YES_ERROR;
				CLANG_WARN_QUOTED_INCLUDE_IN_FRAMEWORK_HEADER = YES;
				CLANG_WARN_RANGE_LOOP_ANALYSIS = YES;
				CLANG_WARN_STRICT_PROTOTYPES = YES;
				CLANG_WARN_SUSPICIOUS_MOVE = YES;
				CLANG_WARN_UNGUARDED_AVAILABILITY = YES_AGGRESSIVE;
				CLANG_WARN_UNREACHABLE_CODE = YES;
				CLANG_WARN__DUPLICATE_METHOD_MATCH = YES;
				COPY_PHASE_STRIP = NO;
				DEBUG_INFORMATION_FORMAT = "dwarf-with-dsym";
				ENABLE_NS_ASSERTIONS = NO;
				ENABLE_STRICT_OBJC_MSGSEND = YES;
				GCC_C_LANGUAGE_STANDARD = gnu11;
				GCC_NO_COMMON_BLOCKS = YES;
				GCC_WARN_64_TO_32_BIT_CONVERSION = YES;
				GCC_WARN_ABOUT_RETURN_TYPE = YES_ERROR;
				GCC_WARN_UNDECLARED_SELECTOR = YES;
				GCC_WARN_UNINITIALIZED_AUTOS = YES_AGGRESSIVE;
				GCC_WARN_UNUSED_FUNCTION = YES;
				GCC_WARN_UNUSED_VARIABLE = YES;
				IPHONEOS_DEPLOYMENT_TARGET = 14.4;
				MTL_ENABLE_DEBUG_INFO = NO;
				MTL_FAST_MATH = YES;
				SDKROOT = iphoneos;
				SWIFT_COMPILATION_MODE = wholemodule;
				SWIFT_OPTIMIZATION_LEVEL = "-O";
				VALIDATE_PRODUCT = YES;
			};
			name = Release;
		};
		1E2E18DE25C8632D009AEDED /* Debug */ = {
			isa = XCBuildConfiguration;
			buildSettings = {
				ASSETCATALOG_COMPILER_APPICON_NAME = AppIcon;
				ASSETCATALOG_COMPILER_GLOBAL_ACCENT_COLOR_NAME = AccentColor;
				CODE_SIGN_STYLE = Automatic;
				DEVELOPMENT_TEAM = DD77Z52DR7;
				INFOPLIST_FILE = "Apple Pie/Info.plist";
				LD_RUNPATH_SEARCH_PATHS = (
					"$(inherited)",
					"@executable_path/Frameworks",
				);
				PRODUCT_BUNDLE_IDENTIFIER = "com.ryanbit.Apple-Pie";
				PRODUCT_NAME = "$(TARGET_NAME)";
				SWIFT_VERSION = 5.0;
				TARGETED_DEVICE_FAMILY = 2;
			};
			name = Debug;
		};
		1E2E18DF25C8632D009AEDED /* Release */ = {
			isa = XCBuildConfiguration;
			buildSettings = {
				ASSETCATALOG_COMPILER_APPICON_NAME = AppIcon;
				ASSETCATALOG_COMPILER_GLOBAL_ACCENT_COLOR_NAME = AccentColor;
				CODE_SIGN_STYLE = Automatic;
				DEVELOPMENT_TEAM = DD77Z52DR7;
				INFOPLIST_FILE = "Apple Pie/Info.plist";
				LD_RUNPATH_SEARCH_PATHS = (
					"$(inherited)",
					"@executable_path/Frameworks",
				);
				PRODUCT_BUNDLE_IDENTIFIER = "com.ryanbit.Apple-Pie";
				PRODUCT_NAME = "$(TARGET_NAME)";
				SWIFT_VERSION = 5.0;
				TARGETED_DEVICE_FAMILY = 2;
			};
			name = Release;
		};
		1E2E18E125C8632D009AEDED /* Debug */ = {
			isa = XCBuildConfiguration;
			buildSettings = {
				ALWAYS_EMBED_SWIFT_STANDARD_LIBRARIES = YES;
				BUNDLE_LOADER = "$(TEST_HOST)";
				CODE_SIGN_STYLE = Automatic;
				DEVELOPMENT_TEAM = DD77Z52DR7;
				INFOPLIST_FILE = "Apple PieTests/Info.plist";
				IPHONEOS_DEPLOYMENT_TARGET = 14.4;
				LD_RUNPATH_SEARCH_PATHS = (
					"$(inherited)",
					"@executable_path/Frameworks",
					"@loader_path/Frameworks",
				);
				PRODUCT_BUNDLE_IDENTIFIER = "com.ryanbit.Apple-PieTests";
				PRODUCT_NAME = "$(TARGET_NAME)";
				SWIFT_VERSION = 5.0;
				TARGETED_DEVICE_FAMILY = "1,2";
				TEST_HOST = "$(BUILT_PRODUCTS_DIR)/Apple Pie.app/Apple Pie";
			};
			name = Debug;
		};
		1E2E18E225C8632D009AEDED /* Release */ = {
			isa = XCBuildConfiguration;
			buildSettings = {
				ALWAYS_EMBED_SWIFT_STANDARD_LIBRARIES = YES;
				BUNDLE_LOADER = "$(TEST_HOST)";
				CODE_SIGN_STYLE = Automatic;
				DEVELOPMENT_TEAM = DD77Z52DR7;
				INFOPLIST_FILE = "Apple PieTests/Info.plist";
				IPHONEOS_DEPLOYMENT_TARGET = 14.4;
				LD_RUNPATH_SEARCH_PATHS = (
					"$(inherited)",
					"@executable_path/Frameworks",
					"@loader_path/Frameworks",
				);
				PRODUCT_BUNDLE_IDENTIFIER = "com.ryanbit.Apple-PieTests";
				PRODUCT_NAME = "$(TARGET_NAME)";
				SWIFT_VERSION = 5.0;
				TARGETED_DEVICE_FAMILY = "1,2";
				TEST_HOST = "$(BUILT_PRODUCTS_DIR)/Apple Pie.app/Apple Pie";
			};
			name = Release;
		};
		1E2E18E425C8632D009AEDED /* Debug */ = {
			isa = XCBuildConfiguration;
			buildSettings = {
				ALWAYS_EMBED_SWIFT_STANDARD_LIBRARIES = YES;
				CODE_SIGN_STYLE = Automatic;
				DEVELOPMENT_TEAM = DD77Z52DR7;
				INFOPLIST_FILE = "Apple PieUITests/Info.plist";
				LD_RUNPATH_SEARCH_PATHS = (
					"$(inherited)",
					"@executable_path/Frameworks",
					"@loader_path/Frameworks",
				);
				PRODUCT_BUNDLE_IDENTIFIER = "com.ryanbit.Apple-PieUITests";
				PRODUCT_NAME = "$(TARGET_NAME)";
				SWIFT_VERSION = 5.0;
				TARGETED_DEVICE_FAMILY = "1,2";
				TEST_TARGET_NAME = "Apple Pie";
			};
			name = Debug;
		};
		1E2E18E525C8632D009AEDED /* Release */ = {
			isa = XCBuildConfiguration;
			buildSettings = {
				ALWAYS_EMBED_SWIFT_STANDARD_LIBRARIES = YES;
				CODE_SIGN_STYLE = Automatic;
				DEVELOPMENT_TEAM = DD77Z52DR7;
				INFOPLIST_FILE = "Apple PieUITests/Info.plist";
				LD_RUNPATH_SEARCH_PATHS = (
					"$(inherited)",
					"@executable_path/Frameworks",
					"@loader_path/Frameworks",
				);
				PRODUCT_BUNDLE_IDENTIFIER = "com.ryanbit.Apple-PieUITests";
				PRODUCT_NAME = "$(TARGET_NAME)";
				SWIFT_VERSION = 5.0;
				TARGETED_DEVICE_FAMILY = "1,2";
				TEST_TARGET_NAME = "Apple Pie";
			};
			name = Release;
		};
/* End XCBuildConfiguration section */

/* Begin XCConfigurationList section */
		1E2E18AE25C8632B009AEDED /* Build configuration list for PBXProject "Apple Pie" */ = {
			isa = XCConfigurationList;
			buildConfigurations = (
				1E2E18DB25C8632D009AEDED /* Debug */,
				1E2E18DC25C8632D009AEDED /* Release */,
			);
			defaultConfigurationIsVisible = 0;
			defaultConfigurationName = Release;
		};
		1E2E18DD25C8632D009AEDED /* Build configuration list for PBXNativeTarget "Apple Pie" */ = {
			isa = XCConfigurationList;
			buildConfigurations = (
				1E2E18DE25C8632D009AEDED /* Debug */,
				1E2E18DF25C8632D009AEDED /* Release */,
			);
			defaultConfigurationIsVisible = 0;
			defaultConfigurationName = Release;
		};
		1E2E18E025C8632D009AEDED /* Build configuration list for PBXNativeTarget "Apple PieTests" */ = {
			isa = XCConfigurationList;
			buildConfigurations = (
				1E2E18E125C8632D009AEDED /* Debug */,
				1E2E18E225C8632D009AEDED /* Release */,
			);
			defaultConfigurationIsVisible = 0;
			defaultConfigurationName = Release;
		};
		1E2E18E325C8632D009AEDED /* Build configuration list for PBXNativeTarget "Apple PieUITests" */ = {
			isa = XCConfigurationList;
			buildConfigurations = (
				1E2E18E425C8632D009AEDED /* Debug */,
				1E2E18E525C8632D009AEDED /* Release */,
			);
			defaultConfigurationIsVisible = 0;
			defaultConfigurationName = Release;
		};
/* End XCConfigurationList section */
	};
	rootObject = 1E2E18AB25C8632B009AEDED /* Project object */;
}
