// !$*UTF8*$!
{
	archiveVersion = 1;
	classes = {
	};
	objectVersion = 50;
	objects = {

/* Begin PBXBuildFile section */
		1EF715B226457A750075DF0A /* AppDelegate.swift in Sources */ = {isa = PBXBuildFile; fileRef = 1EF715B126457A750075DF0A /* AppDelegate.swift */; };
		1EF715B426457A750075DF0A /* SceneDelegate.swift in Sources */ = {isa = PBXBuildFile; fileRef = 1EF715B326457A750075DF0A /* SceneDelegate.swift */; };
		1EF715B626457A750075DF0A /* ViewController.swift in Sources */ = {isa = PBXBuildFile; fileRef = 1EF715B526457A750075DF0A /* ViewController.swift */; };
		1EF715B926457A750075DF0A /* Main.storyboard in Resources */ = {isa = PBXBuildFile; fileRef = 1EF715B726457A750075DF0A /* Main.storyboard */; };
		1EF715BB26457A770075DF0A /* Assets.xcassets in Resources */ = {isa = PBXBuildFile; fileRef = 1EF715BA26457A770075DF0A /* Assets.xcassets */; };
		1EF715BE26457A770075DF0A /* LaunchScreen.storyboard in Resources */ = {isa = PBXBuildFile; fileRef = 1EF715BC26457A770075DF0A /* LaunchScreen.storyboard */; };
		1EF715C626457CE10075DF0A /* CatController.swift in Sources */ = {isa = PBXBuildFile; fileRef = 1EF715C526457CE10075DF0A /* CatController.swift */; };
		1EF715C826457DB70075DF0A /* Cat.swift in Sources */ = {isa = PBXBuildFile; fileRef = 1EF715C726457DB70075DF0A /* Cat.swift */; };
/* End PBXBuildFile section */

/* Begin PBXFileReference section */
		1EF715AE26457A750075DF0A /* CatAPI.app */ = {isa = PBXFileReference; explicitFileType = wrapper.application; includeInIndex = 0; path = CatAPI.app; sourceTree = BUILT_PRODUCTS_DIR; };
		1EF715B126457A750075DF0A /* AppDelegate.swift */ = {isa = PBXFileReference; lastKnownFileType = sourcecode.swift; path = AppDelegate.swift; sourceTree = "<group>"; };
		1EF715B326457A750075DF0A /* SceneDelegate.swift */ = {isa = PBXFileReference; lastKnownFileType = sourcecode.swift; path = SceneDelegate.swift; sourceTree = "<group>"; };
		1EF715B526457A750075DF0A /* ViewController.swift */ = {isa = PBXFileReference; lastKnownFileType = sourcecode.swift; path = ViewController.swift; sourceTree = "<group>"; };
		1EF715B826457A750075DF0A /* Base */ = {isa = PBXFileReference; lastKnownFileType = file.storyboard; name = Base; path = Base.lproj/Main.storyboard; sourceTree = "<group>"; };
		1EF715BA26457A770075DF0A /* Assets.xcassets */ = {isa = PBXFileReference; lastKnownFileType = folder.assetcatalog; path = Assets.xcassets; sourceTree = "<group>"; };
		1EF715BD26457A770075DF0A /* Base */ = {isa = PBXFileReference; lastKnownFileType = file.storyboard; name = Base; path = Base.lproj/LaunchScreen.storyboard; sourceTree = "<group>"; };
		1EF715BF26457A770075DF0A /* Info.plist */ = {isa = PBXFileReference; lastKnownFileType = text.plist.xml; path = Info.plist; sourceTree = "<group>"; };
		1EF715C526457CE10075DF0A /* CatController.swift */ = {isa = PBXFileReference; lastKnownFileType = sourcecode.swift; path = CatController.swift; sourceTree = "<group>"; };
		1EF715C726457DB70075DF0A /* Cat.swift */ = {isa = PBXFileReference; lastKnownFileType = sourcecode.swift; path = Cat.swift; sourceTree = "<group>"; };
/* End PBXFileReference section */

/* Begin PBXFrameworksBuildPhase section */
		1EF715AB26457A750075DF0A /* Frameworks */ = {
			isa = PBXFrameworksBuildPhase;
			buildActionMask = 2147483647;
			files = (
			);
			runOnlyForDeploymentPostprocessing = 0;
		};
/* End PBXFrameworksBuildPhase section */

/* Begin PBXGroup section */
		1EF715A526457A750075DF0A = {
			isa = PBXGroup;
			children = (
				1EF715B026457A750075DF0A /* CatAPI */,
				1EF715AF26457A750075DF0A /* Products */,
			);
			sourceTree = "<group>";
		};
		1EF715AF26457A750075DF0A /* Products */ = {
			isa = PBXGroup;
			children = (
				1EF715AE26457A750075DF0A /* CatAPI.app */,
			);
			name = Products;
			sourceTree = "<group>";
		};
		1EF715B026457A750075DF0A /* CatAPI */ = {
			isa = PBXGroup;
			children = (
				1EF715B126457A750075DF0A /* AppDelegate.swift */,
				1EF715B326457A750075DF0A /* SceneDelegate.swift */,
				1EF715B526457A750075DF0A /* ViewController.swift */,
				1EF715B726457A750075DF0A /* Main.storyboard */,
				1EF715BA26457A770075DF0A /* Assets.xcassets */,
				1EF715BC26457A770075DF0A /* LaunchScreen.storyboard */,
				1EF715BF26457A770075DF0A /* Info.plist */,
				1EF715C526457CE10075DF0A /* CatController.swift */,
				1EF715C726457DB70075DF0A /* Cat.swift */,
			);
			path = CatAPI;
			sourceTree = "<group>";
		};
/* End PBXGroup section */

/* Begin PBXNativeTarget section */
		1EF715AD26457A750075DF0A /* CatAPI */ = {
			isa = PBXNativeTarget;
			buildConfigurationList = 1EF715C226457A770075DF0A /* Build configuration list for PBXNativeTarget "CatAPI" */;
			buildPhases = (
				1EF715AA26457A750075DF0A /* Sources */,
				1EF715AB26457A750075DF0A /* Frameworks */,
				1EF715AC26457A750075DF0A /* Resources */,
			);
			buildRules = (
			);
			dependencies = (
			);
			name = CatAPI;
			productName = CatAPI;
			productReference = 1EF715AE26457A750075DF0A /* CatAPI.app */;
			productType = "com.apple.product-type.application";
		};
/* End PBXNativeTarget section */

/* Begin PBXProject section */
		1EF715A626457A750075DF0A /* Project object */ = {
			isa = PBXProject;
			attributes = {
				LastSwiftUpdateCheck = 1250;
				LastUpgradeCheck = 1250;
				TargetAttributes = {
					1EF715AD26457A750075DF0A = {
						CreatedOnToolsVersion = 12.5;
					};
				};
			};
			buildConfigurationList = 1EF715A926457A750075DF0A /* Build configuration list for PBXProject "CatAPI" */;
			compatibilityVersion = "Xcode 9.3";
			developmentRegion = en;
			hasScannedForEncodings = 0;
			knownRegions = (
				en,
				Base,
			);
			mainGroup = 1EF715A526457A750075DF0A;
			productRefGroup = 1EF715AF26457A750075DF0A /* Products */;
			projectDirPath = "";
			projectRoot = "";
			targets = (
				1EF715AD26457A750075DF0A /* CatAPI */,
			);
		};
/* End PBXProject section */

/* Begin PBXResourcesBuildPhase section */
		1EF715AC26457A750075DF0A /* Resources */ = {
			isa = PBXResourcesBuildPhase;
			buildActionMask = 2147483647;
			files = (
				1EF715BE26457A770075DF0A /* LaunchScreen.storyboard in Resources */,
				1EF715BB26457A770075DF0A /* Assets.xcassets in Resources */,
				1EF715B926457A750075DF0A /* Main.storyboard in Resources */,
			);
			runOnlyForDeploymentPostprocessing = 0;
		};
/* End PBXResourcesBuildPhase section */

/* Begin PBXSourcesBuildPhase section */
		1EF715AA26457A750075DF0A /* Sources */ = {
			isa = PBXSourcesBuildPhase;
			buildActionMask = 2147483647;
			files = (
				1EF715B626457A750075DF0A /* ViewController.swift in Sources */,
				1EF715B226457A750075DF0A /* AppDelegate.swift in Sources */,
				1EF715C826457DB70075DF0A /* Cat.swift in Sources */,
				1EF715C626457CE10075DF0A /* CatController.swift in Sources */,
				1EF715B426457A750075DF0A /* SceneDelegate.swift in Sources */,
			);
			runOnlyForDeploymentPostprocessing = 0;
		};
/* End PBXSourcesBuildPhase section */

/* Begin PBXVariantGroup section */
		1EF715B726457A750075DF0A /* Main.storyboard */ = {
			isa = PBXVariantGroup;
			children = (
				1EF715B826457A750075DF0A /* Base */,
			);
			name = Main.storyboard;
			sourceTree = "<group>";
		};
		1EF715BC26457A770075DF0A /* LaunchScreen.storyboard */ = {
			isa = PBXVariantGroup;
			children = (
				1EF715BD26457A770075DF0A /* Base */,
			);
			name = LaunchScreen.storyboard;
			sourceTree = "<group>";
		};
/* End PBXVariantGroup section */

/* Begin XCBuildConfiguration section */
		1EF715C026457A770075DF0A /* Debug */ = {
			isa = XCBuildConfiguration;
			buildSettings = {
				ALWAYS_SEARCH_USER_PATHS = NO;
				CLANG_ANALYZER_NONNULL = YES;
				CLANG_ANALYZER_NUMBER_OBJECT_CONVERSION = YES_AGGRESSIVE;
				CLANG_CXX_LANGUAGE_STANDARD = "gnu++14";
				CLANG_CXX_LIBRARY = "libc++";
				CLANG_ENABLE_MODULES = YES;
				CLANG_ENABLE_OBJC_ARC = YES;
				CLANG_ENABLE_OBJC_WEAK = YES;
				CLANG_WARN_BLOCK_CAPTURE_AUTORELEASING = YES;
				CLANG_WARN_BOOL_CONVERSION = YES;
				CLANG_WARN_COMMA = YES;
				CLANG_WARN_CONSTANT_CONVERSION = YES;
				CLANG_WARN_DEPRECATED_OBJC_IMPLEMENTATIONS = YES;
				CLANG_WARN_DIRECT_OBJC_ISA_USAGE = YES_ERROR;
				CLANG_WARN_DOCUMENTATION_COMMENTS = YES;
				CLANG_WARN_EMPTY_BODY = YES;
				CLANG_WARN_ENUM_CONVERSION = YES;
				CLANG_WARN_INFINITE_RECURSION = YES;
				CLANG_WARN_INT_CONVERSION = YES;
				CLANG_WARN_NON_LITERAL_NULL_CONVERSION = YES;
				CLANG_WARN_OBJC_IMPLICIT_RETAIN_SELF = YES;
				CLANG_WARN_OBJC_LITERAL_CONVERSION = YES;
				CLANG_WARN_OBJC_ROOT_CLASS = YES_ERROR;
				CLANG_WARN_QUOTED_INCLUDE_IN_FRAMEWORK_HEADER = YES;
				CLANG_WARN_RANGE_LOOP_ANALYSIS = YES;
				CLANG_WARN_STRICT_PROTOTYPES = YES;
				CLANG_WARN_SUSPICIOUS_MOVE = YES;
				CLANG_WARN_UNGUARDED_AVAILABILITY = YES_AGGRESSIVE;
				CLANG_WARN_UNREACHABLE_CODE = YES;
				CLANG_WARN__DUPLICATE_METHOD_MATCH = YES;
				COPY_PHASE_STRIP = NO;
				DEBUG_INFORMATION_FORMAT = dwarf;
				ENABLE_STRICT_OBJC_MSGSEND = YES;
				ENABLE_TESTABILITY = YES;
				GCC_C_LANGUAGE_STANDARD = gnu11;
				GCC_DYNAMIC_NO_PIC = NO;
				GCC_NO_COMMON_BLOCKS = YES;
				GCC_OPTIMIZATION_LEVEL = 0;
				GCC_PREPROCESSOR_DEFINITIONS = (
					"DEBUG=1",
					"$(inherited)",
				);
				GCC_WARN_64_TO_32_BIT_CONVERSION = YES;
				GCC_WARN_ABOUT_RETURN_TYPE = YES_ERROR;
				GCC_WARN_UNDECLARED_SELECTOR = YES;
				GCC_WARN_UNINITIALIZED_AUTOS = YES_AGGRESSIVE;
				GCC_WARN_UNUSED_FUNCTION = YES;
				GCC_WARN_UNUSED_VARIABLE = YES;
				IPHONEOS_DEPLOYMENT_TARGET = 14.5;
				MTL_ENABLE_DEBUG_INFO = INCLUDE_SOURCE;
				MTL_FAST_MATH = YES;
				ONLY_ACTIVE_ARCH = YES;
				SDKROOT = iphoneos;
				SWIFT_ACTIVE_COMPILATION_CONDITIONS = DEBUG;
				SWIFT_OPTIMIZATION_LEVEL = "-Onone";
			};
			name = Debug;
		};
		1EF715C126457A770075DF0A /* Release */ = {
			isa = XCBuildConfiguration;
			buildSettings = {
				ALWAYS_SEARCH_USER_PATHS = NO;
				CLANG_ANALYZER_NONNULL = YES;
				CLANG_ANALYZER_NUMBER_OBJECT_CONVERSION = YES_AGGRESSIVE;
				CLANG_CXX_LANGUAGE_STANDARD = "gnu++14";
				CLANG_CXX_LIBRARY = "libc++";
				CLANG_ENABLE_MODULES = YES;
				CLANG_ENABLE_OBJC_ARC = YES;
				CLANG_ENABLE_OBJC_WEAK = YES;
				CLANG_WARN_BLOCK_CAPTURE_AUTORELEASING = YES;
				CLANG_WARN_BOOL_CONVERSION = YES;
				CLANG_WARN_COMMA = YES;
				CLANG_WARN_CONSTANT_CONVERSION = YES;
				CLANG_WARN_DEPRECATED_OBJC_IMPLEMENTATIONS = YES;
				CLANG_WARN_DIRECT_OBJC_ISA_USAGE = YES_ERROR;
				CLANG_WARN_DOCUMENTATION_COMMENTS = YES;
				CLANG_WARN_EMPTY_BODY = YES;
				CLANG_WARN_ENUM_CONVERSION = YES;
				CLANG_WARN_INFINITE_RECURSION = YES;
				CLANG_WARN_INT_CONVERSION = YES;
				CLANG_WARN_NON_LITERAL_NULL_CONVERSION = YES;
				CLANG_WARN_OBJC_IMPLICIT_RETAIN_SELF = YES;
				CLANG_WARN_OBJC_LITERAL_CONVERSION = YES;
				CLANG_WARN_OBJC_ROOT_CLASS = YES_ERROR;
				CLANG_WARN_QUOTED_INCLUDE_IN_FRAMEWORK_HEADER = YES;
				CLANG_WARN_RANGE_LOOP_ANALYSIS = YES;
				CLANG_WARN_STRICT_PROTOTYPES = YES;
				CLANG_WARN_SUSPICIOUS_MOVE = YES;
				CLANG_WARN_UNGUARDED_AVAILABILITY = YES_AGGRESSIVE;
				CLANG_WARN_UNREACHABLE_CODE = YES;
				CLANG_WARN__DUPLICATE_METHOD_MATCH = YES;
				COPY_PHASE_STRIP = NO;
				DEBUG_INFORMATION_FORMAT = "dwarf-with-dsym";
				ENABLE_NS_ASSERTIONS = NO;
				ENABLE_STRICT_OBJC_MSGSEND = YES;
				GCC_C_LANGUAGE_STANDARD = gnu11;
				GCC_NO_COMMON_BLOCKS = YES;
				GCC_WARN_64_TO_32_BIT_CONVERSION = YES;
				GCC_WARN_ABOUT_RETURN_TYPE = YES_ERROR;
				GCC_WARN_UNDECLARED_SELECTOR = YES;
				GCC_WARN_UNINITIALIZED_AUTOS = YES_AGGRESSIVE;
				GCC_WARN_UNUSED_FUNCTION = YES;
				GCC_WARN_UNUSED_VARIABLE = YES;
				IPHONEOS_DEPLOYMENT_TARGET = 14.5;
				MTL_ENABLE_DEBUG_INFO = NO;
				MTL_FAST_MATH = YES;
				SDKROOT = iphoneos;
				SWIFT_COMPILATION_MODE = wholemodule;
				SWIFT_OPTIMIZATION_LEVEL = "-O";
				VALIDATE_PRODUCT = YES;
			};
			name = Release;
		};
		1EF715C326457A770075DF0A /* Debug */ = {
			isa = XCBuildConfiguration;
			buildSettings = {
				ASSETCATALOG_COMPILER_APPICON_NAME = AppIcon;
				ASSETCATALOG_COMPILER_GLOBAL_ACCENT_COLOR_NAME = AccentColor;
				CODE_SIGN_STYLE = Automatic;
				DEVELOPMENT_TEAM = DD77Z52DR7;
				INFOPLIST_FILE = CatAPI/Info.plist;
				LD_RUNPATH_SEARCH_PATHS = (
					"$(inherited)",
					"@executable_path/Frameworks",
				);
				PRODUCT_BUNDLE_IDENTIFIER = ryanbit.CatAPI;
				PRODUCT_NAME = "$(TARGET_NAME)";
				SWIFT_VERSION = 5.0;
				TARGETED_DEVICE_FAMILY = "1,2";
			};
			name = Debug;
		};
		1EF715C426457A770075DF0A /* Release */ = {
			isa = XCBuildConfiguration;
			buildSettings = {
				ASSETCATALOG_COMPILER_APPICON_NAME = AppIcon;
				ASSETCATALOG_COMPILER_GLOBAL_ACCENT_COLOR_NAME = AccentColor;
				CODE_SIGN_STYLE = Automatic;
				DEVELOPMENT_TEAM = DD77Z52DR7;
				INFOPLIST_FILE = CatAPI/Info.plist;
				LD_RUNPATH_SEARCH_PATHS = (
					"$(inherited)",
					"@executable_path/Frameworks",
				);
				PRODUCT_BUNDLE_IDENTIFIER = ryanbit.CatAPI;
				PRODUCT_NAME = "$(TARGET_NAME)";
				SWIFT_VERSION = 5.0;
				TARGETED_DEVICE_FAMILY = "1,2";
			};
			name = Release;
		};
/* End XCBuildConfiguration section */

/* Begin XCConfigurationList section */
		1EF715A926457A750075DF0A /* Build configuration list for PBXProject "CatAPI" */ = {
			isa = XCConfigurationList;
			buildConfigurations = (
				1EF715C026457A770075DF0A /* Debug */,
				1EF715C126457A770075DF0A /* Release */,
			);
			defaultConfigurationIsVisible = 0;
			defaultConfigurationName = Release;
		};
		1EF715C226457A770075DF0A /* Build configuration list for PBXNativeTarget "CatAPI" */ = {
			isa = XCConfigurationList;
			buildConfigurations = (
				1EF715C326457A770075DF0A /* Debug */,
				1EF715C426457A770075DF0A /* Release */,
			);
			defaultConfigurationIsVisible = 0;
			defaultConfigurationName = Release;
		};
/* End XCConfigurationList section */
	};
	rootObject = 1EF715A626457A750075DF0A /* Project object */;
}
