// !$*UTF8*$!
{
	archiveVersion = 1;
	classes = {
	};
	objectVersion = 50;
	objects = {

/* Begin PBXBuildFile section */
		1E400671263305A20023556D /* RepSearchTableViewCell.swift in Sources */ = {isa = PBXBuildFile; fileRef = 1E400670263305A20023556D /* RepSearchTableViewCell.swift */; };
		1E40067426330C140023556D /* RepViewController.swift in Sources */ = {isa = PBXBuildFile; fileRef = 1E40067326330C140023556D /* RepViewController.swift */; };
		1E40067C263317BB0023556D /* NobelPrize.swift in Sources */ = {isa = PBXBuildFile; fileRef = 1E40067B263317BB0023556D /* NobelPrize.swift */; };
		1E40067F26331B340023556D /* NobelPrizeViewController.swift in Sources */ = {isa = PBXBuildFile; fileRef = 1E40067E26331B340023556D /* NobelPrizeViewController.swift */; };
		1E400682263328080023556D /* NobelTableViewCell.swift in Sources */ = {isa = PBXBuildFile; fileRef = 1E400681263328080023556D /* NobelTableViewCell.swift */; };
		1EBE30B02631B43900EF4F73 /* AppDelegate.swift in Sources */ = {isa = PBXBuildFile; fileRef = 1EBE30AF2631B43900EF4F73 /* AppDelegate.swift */; };
		1EBE30B22631B43900EF4F73 /* SceneDelegate.swift in Sources */ = {isa = PBXBuildFile; fileRef = 1EBE30B12631B43900EF4F73 /* SceneDelegate.swift */; };
		1EBE30B42631B43900EF4F73 /* ViewController.swift in Sources */ = {isa = PBXBuildFile; fileRef = 1EBE30B32631B43900EF4F73 /* ViewController.swift */; };
		1EBE30B72631B43900EF4F73 /* Main.storyboard in Resources */ = {isa = PBXBuildFile; fileRef = 1EBE30B52631B43900EF4F73 /* Main.storyboard */; };
		1EBE30B92631B43A00EF4F73 /* Assets.xcassets in Resources */ = {isa = PBXBuildFile; fileRef = 1EBE30B82631B43A00EF4F73 /* Assets.xcassets */; };
		1EBE30BC2631B43A00EF4F73 /* LaunchScreen.storyboard in Resources */ = {isa = PBXBuildFile; fileRef = 1EBE30BA2631B43A00EF4F73 /* LaunchScreen.storyboard */; };
		1EBE30C52631B4DB00EF4F73 /* APIController.swift in Sources */ = {isa = PBXBuildFile; fileRef = 1EBE30C42631B4DB00EF4F73 /* APIController.swift */; };
		1EBE30CC2631BBAC00EF4F73 /* ResponseModel.swift in Sources */ = {isa = PBXBuildFile; fileRef = 1EBE30CB2631BBAC00EF4F73 /* ResponseModel.swift */; };
		1EBE30D22631C6A100EF4F73 /* Representative.swift in Sources */ = {isa = PBXBuildFile; fileRef = 1EBE30D12631C6A100EF4F73 /* Representative.swift */; };
		1EBE30D52631C8F700EF4F73 /* RepTableViewCell.swift in Sources */ = {isa = PBXBuildFile; fileRef = 1EBE30D42631C8F700EF4F73 /* RepTableViewCell.swift */; };
/* End PBXBuildFile section */

/* Begin PBXFileReference section */
		1E400670263305A20023556D /* RepSearchTableViewCell.swift */ = {isa = PBXFileReference; lastKnownFileType = sourcecode.swift; path = RepSearchTableViewCell.swift; sourceTree = "<group>"; };
		1E40067326330C140023556D /* RepViewController.swift */ = {isa = PBXFileReference; lastKnownFileType = sourcecode.swift; path = RepViewController.swift; sourceTree = "<group>"; };
		1E40067B263317BB0023556D /* NobelPrize.swift */ = {isa = PBXFileReference; lastKnownFileType = sourcecode.swift; path = NobelPrize.swift; sourceTree = "<group>"; };
		1E40067E26331B340023556D /* NobelPrizeViewController.swift */ = {isa = PBXFileReference; lastKnownFileType = sourcecode.swift; path = NobelPrizeViewController.swift; sourceTree = "<group>"; };
		1E400681263328080023556D /* NobelTableViewCell.swift */ = {isa = PBXFileReference; lastKnownFileType = sourcecode.swift; path = NobelTableViewCell.swift; sourceTree = "<group>"; };
		1EBE30AC2631B43900EF4F73 /* API Project.app */ = {isa = PBXFileReference; explicitFileType = wrapper.application; includeInIndex = 0; path = "API Project.app"; sourceTree = BUILT_PRODUCTS_DIR; };
		1EBE30AF2631B43900EF4F73 /* AppDelegate.swift */ = {isa = PBXFileReference; lastKnownFileType = sourcecode.swift; path = AppDelegate.swift; sourceTree = "<group>"; };
		1EBE30B12631B43900EF4F73 /* SceneDelegate.swift */ = {isa = PBXFileReference; lastKnownFileType = sourcecode.swift; path = SceneDelegate.swift; sourceTree = "<group>"; };
		1EBE30B32631B43900EF4F73 /* ViewController.swift */ = {isa = PBXFileReference; lastKnownFileType = sourcecode.swift; path = ViewController.swift; sourceTree = "<group>"; };
		1EBE30B62631B43900EF4F73 /* Base */ = {isa = PBXFileReference; lastKnownFileType = file.storyboard; name = Base; path = Base.lproj/Main.storyboard; sourceTree = "<group>"; };
		1EBE30B82631B43A00EF4F73 /* Assets.xcassets */ = {isa = PBXFileReference; lastKnownFileType = folder.assetcatalog; path = Assets.xcassets; sourceTree = "<group>"; };
		1EBE30BB2631B43A00EF4F73 /* Base */ = {isa = PBXFileReference; lastKnownFileType = file.storyboard; name = Base; path = Base.lproj/LaunchScreen.storyboard; sourceTree = "<group>"; };
		1EBE30BD2631B43A00EF4F73 /* Info.plist */ = {isa = PBXFileReference; lastKnownFileType = text.plist.xml; path = Info.plist; sourceTree = "<group>"; };
		1EBE30C42631B4DB00EF4F73 /* APIController.swift */ = {isa = PBXFileReference; lastKnownFileType = sourcecode.swift; path = APIController.swift; sourceTree = "<group>"; };
		1EBE30CB2631BBAC00EF4F73 /* ResponseModel.swift */ = {isa = PBXFileReference; lastKnownFileType = sourcecode.swift; path = ResponseModel.swift; sourceTree = "<group>"; };
		1EBE30D12631C6A100EF4F73 /* Representative.swift */ = {isa = PBXFileReference; lastKnownFileType = sourcecode.swift; path = Representative.swift; sourceTree = "<group>"; };
		1EBE30D42631C8F700EF4F73 /* RepTableViewCell.swift */ = {isa = PBXFileReference; lastKnownFileType = sourcecode.swift; path = RepTableViewCell.swift; sourceTree = "<group>"; };
/* End PBXFileReference section */

/* Begin PBXFrameworksBuildPhase section */
		1EBE30A92631B43900EF4F73 /* Frameworks */ = {
			isa = PBXFrameworksBuildPhase;
			buildActionMask = 2147483647;
			files = (
			);
			runOnlyForDeploymentPostprocessing = 0;
		};
/* End PBXFrameworksBuildPhase section */

/* Begin PBXGroup section */
		1EBE30A32631B43900EF4F73 = {
			isa = PBXGroup;
			children = (
				1EBE30AE2631B43900EF4F73 /* API Project */,
				1EBE30AD2631B43900EF4F73 /* Products */,
			);
			sourceTree = "<group>";
		};
		1EBE30AD2631B43900EF4F73 /* Products */ = {
			isa = PBXGroup;
			children = (
				1EBE30AC2631B43900EF4F73 /* API Project.app */,
			);
			name = Products;
			sourceTree = "<group>";
		};
		1EBE30AE2631B43900EF4F73 /* API Project */ = {
			isa = PBXGroup;
			children = (
				1EBE30AF2631B43900EF4F73 /* AppDelegate.swift */,
				1EBE30B12631B43900EF4F73 /* SceneDelegate.swift */,
				1EBE30B32631B43900EF4F73 /* ViewController.swift */,
				1EBE30B52631B43900EF4F73 /* Main.storyboard */,
				1E400681263328080023556D /* NobelTableViewCell.swift */,
				1E40067E26331B340023556D /* NobelPrizeViewController.swift */,
				1E40067326330C140023556D /* RepViewController.swift */,
				1E400670263305A20023556D /* RepSearchTableViewCell.swift */,
				1EBE30D42631C8F700EF4F73 /* RepTableViewCell.swift */,
				1EBE30D12631C6A100EF4F73 /* Representative.swift */,
				1EBE30C42631B4DB00EF4F73 /* APIController.swift */,
				1E40067B263317BB0023556D /* NobelPrize.swift */,
				1EBE30B82631B43A00EF4F73 /* Assets.xcassets */,
				1EBE30BA2631B43A00EF4F73 /* LaunchScreen.storyboard */,
				1EBE30BD2631B43A00EF4F73 /* Info.plist */,
				1EBE30CB2631BBAC00EF4F73 /* ResponseModel.swift */,
			);
			path = "API Project";
			sourceTree = "<group>";
		};
/* End PBXGroup section */

/* Begin PBXNativeTarget section */
		1EBE30AB2631B43900EF4F73 /* API Project */ = {
			isa = PBXNativeTarget;
			buildConfigurationList = 1EBE30C02631B43A00EF4F73 /* Build configuration list for PBXNativeTarget "API Project" */;
			buildPhases = (
				1EBE30A82631B43900EF4F73 /* Sources */,
				1EBE30A92631B43900EF4F73 /* Frameworks */,
				1EBE30AA2631B43900EF4F73 /* Resources */,
			);
			buildRules = (
			);
			dependencies = (
			);
			name = "API Project";
			productName = "API Project";
			productReference = 1EBE30AC2631B43900EF4F73 /* API Project.app */;
			productType = "com.apple.product-type.application";
		};
/* End PBXNativeTarget section */

/* Begin PBXProject section */
		1EBE30A42631B43900EF4F73 /* Project object */ = {
			isa = PBXProject;
			attributes = {
				LastSwiftUpdateCheck = 1240;
				LastUpgradeCheck = 1240;
				TargetAttributes = {
					1EBE30AB2631B43900EF4F73 = {
						CreatedOnToolsVersion = 12.4;
					};
				};
			};
			buildConfigurationList = 1EBE30A72631B43900EF4F73 /* Build configuration list for PBXProject "API Project" */;
			compatibilityVersion = "Xcode 9.3";
			developmentRegion = en;
			hasScannedForEncodings = 0;
			knownRegions = (
				en,
				Base,
			);
			mainGroup = 1EBE30A32631B43900EF4F73;
			productRefGroup = 1EBE30AD2631B43900EF4F73 /* Products */;
			projectDirPath = "";
			projectRoot = "";
			targets = (
				1EBE30AB2631B43900EF4F73 /* API Project */,
			);
		};
/* End PBXProject section */

/* Begin PBXResourcesBuildPhase section */
		1EBE30AA2631B43900EF4F73 /* Resources */ = {
			isa = PBXResourcesBuildPhase;
			buildActionMask = 2147483647;
			files = (
				1EBE30BC2631B43A00EF4F73 /* LaunchScreen.storyboard in Resources */,
				1EBE30B92631B43A00EF4F73 /* Assets.xcassets in Resources */,
				1EBE30B72631B43900EF4F73 /* Main.storyboard in Resources */,
			);
			runOnlyForDeploymentPostprocessing = 0;
		};
/* End PBXResourcesBuildPhase section */

/* Begin PBXSourcesBuildPhase section */
		1EBE30A82631B43900EF4F73 /* Sources */ = {
			isa = PBXSourcesBuildPhase;
			buildActionMask = 2147483647;
			files = (
				1EBE30C52631B4DB00EF4F73 /* APIController.swift in Sources */,
				1EBE30B42631B43900EF4F73 /* ViewController.swift in Sources */,
				1E40067426330C140023556D /* RepViewController.swift in Sources */,
				1EBE30B02631B43900EF4F73 /* AppDelegate.swift in Sources */,
				1EBE30D52631C8F700EF4F73 /* RepTableViewCell.swift in Sources */,
				1E40067C263317BB0023556D /* NobelPrize.swift in Sources */,
				1E40067F26331B340023556D /* NobelPrizeViewController.swift in Sources */,
				1EBE30D22631C6A100EF4F73 /* Representative.swift in Sources */,
				1E400671263305A20023556D /* RepSearchTableViewCell.swift in Sources */,
				1EBE30CC2631BBAC00EF4F73 /* ResponseModel.swift in Sources */,
				1E400682263328080023556D /* NobelTableViewCell.swift in Sources */,
				1EBE30B22631B43900EF4F73 /* SceneDelegate.swift in Sources */,
			);
			runOnlyForDeploymentPostprocessing = 0;
		};
/* End PBXSourcesBuildPhase section */

/* Begin PBXVariantGroup section */
		1EBE30B52631B43900EF4F73 /* Main.storyboard */ = {
			isa = PBXVariantGroup;
			children = (
				1EBE30B62631B43900EF4F73 /* Base */,
			);
			name = Main.storyboard;
			sourceTree = "<group>";
		};
		1EBE30BA2631B43A00EF4F73 /* LaunchScreen.storyboard */ = {
			isa = PBXVariantGroup;
			children = (
				1EBE30BB2631B43A00EF4F73 /* Base */,
			);
			name = LaunchScreen.storyboard;
			sourceTree = "<group>";
		};
/* End PBXVariantGroup section */

/* Begin XCBuildConfiguration section */
		1EBE30BE2631B43A00EF4F73 /* Debug */ = {
			isa = XCBuildConfiguration;
			buildSettings = {
				ALWAYS_SEARCH_USER_PATHS = NO;
				CLANG_ANALYZER_NONNULL = YES;
				CLANG_ANALYZER_NUMBER_OBJECT_CONVERSION = YES_AGGRESSIVE;
				CLANG_CXX_LANGUAGE_STANDARD = "gnu++14";
				CLANG_CXX_LIBRARY = "libc++";
				CLANG_ENABLE_MODULES = YES;
				CLANG_ENABLE_OBJC_ARC = YES;
				CLANG_ENABLE_OBJC_WEAK = YES;
				CLANG_WARN_BLOCK_CAPTURE_AUTORELEASING = YES;
				CLANG_WARN_BOOL_CONVERSION = YES;
				CLANG_WARN_COMMA = YES;
				CLANG_WARN_CONSTANT_CONVERSION = YES;
				CLANG_WARN_DEPRECATED_OBJC_IMPLEMENTATIONS = YES;
				CLANG_WARN_DIRECT_OBJC_ISA_USAGE = YES_ERROR;
				CLANG_WARN_DOCUMENTATION_COMMENTS = YES;
				CLANG_WARN_EMPTY_BODY = YES;
				CLANG_WARN_ENUM_CONVERSION = YES;
				CLANG_WARN_INFINITE_RECURSION = YES;
				CLANG_WARN_INT_CONVERSION = YES;
				CLANG_WARN_NON_LITERAL_NULL_CONVERSION = YES;
				CLANG_WARN_OBJC_IMPLICIT_RETAIN_SELF = YES;
				CLANG_WARN_OBJC_LITERAL_CONVERSION = YES;
				CLANG_WARN_OBJC_ROOT_CLASS = YES_ERROR;
				CLANG_WARN_QUOTED_INCLUDE_IN_FRAMEWORK_HEADER = YES;
				CLANG_WARN_RANGE_LOOP_ANALYSIS = YES;
				CLANG_WARN_STRICT_PROTOTYPES = YES;
				CLANG_WARN_SUSPICIOUS_MOVE = YES;
				CLANG_WARN_UNGUARDED_AVAILABILITY = YES_AGGRESSIVE;
				CLANG_WARN_UNREACHABLE_CODE = YES;
				CLANG_WARN__DUPLICATE_METHOD_MATCH = YES;
				COPY_PHASE_STRIP = NO;
				DEBUG_INFORMATION_FORMAT = dwarf;
				ENABLE_STRICT_OBJC_MSGSEND = YES;
				ENABLE_TESTABILITY = YES;
				GCC_C_LANGUAGE_STANDARD = gnu11;
				GCC_DYNAMIC_NO_PIC = NO;
				GCC_NO_COMMON_BLOCKS = YES;
				GCC_OPTIMIZATION_LEVEL = 0;
				GCC_PREPROCESSOR_DEFINITIONS = (
					"DEBUG=1",
					"$(inherited)",
				);
				GCC_WARN_64_TO_32_BIT_CONVERSION = YES;
				GCC_WARN_ABOUT_RETURN_TYPE = YES_ERROR;
				GCC_WARN_UNDECLARED_SELECTOR = YES;
				GCC_WARN_UNINITIALIZED_AUTOS = YES_AGGRESSIVE;
				GCC_WARN_UNUSED_FUNCTION = YES;
				GCC_WARN_UNUSED_VARIABLE = YES;
				IPHONEOS_DEPLOYMENT_TARGET = 14.4;
				MTL_ENABLE_DEBUG_INFO = INCLUDE_SOURCE;
				MTL_FAST_MATH = YES;
				ONLY_ACTIVE_ARCH = YES;
				SDKROOT = iphoneos;
				SWIFT_ACTIVE_COMPILATION_CONDITIONS = DEBUG;
				SWIFT_OPTIMIZATION_LEVEL = "-Onone";
			};
			name = Debug;
		};
		1EBE30BF2631B43A00EF4F73 /* Release */ = {
			isa = XCBuildConfiguration;
			buildSettings = {
				ALWAYS_SEARCH_USER_PATHS = NO;
				CLANG_ANALYZER_NONNULL = YES;
				CLANG_ANALYZER_NUMBER_OBJECT_CONVERSION = YES_AGGRESSIVE;
				CLANG_CXX_LANGUAGE_STANDARD = "gnu++14";
				CLANG_CXX_LIBRARY = "libc++";
				CLANG_ENABLE_MODULES = YES;
				CLANG_ENABLE_OBJC_ARC = YES;
				CLANG_ENABLE_OBJC_WEAK = YES;
				CLANG_WARN_BLOCK_CAPTURE_AUTORELEASING = YES;
				CLANG_WARN_BOOL_CONVERSION = YES;
				CLANG_WARN_COMMA = YES;
				CLANG_WARN_CONSTANT_CONVERSION = YES;
				CLANG_WARN_DEPRECATED_OBJC_IMPLEMENTATIONS = YES;
				CLANG_WARN_DIRECT_OBJC_ISA_USAGE = YES_ERROR;
				CLANG_WARN_DOCUMENTATION_COMMENTS = YES;
				CLANG_WARN_EMPTY_BODY = YES;
				CLANG_WARN_ENUM_CONVERSION = YES;
				CLANG_WARN_INFINITE_RECURSION = YES;
				CLANG_WARN_INT_CONVERSION = YES;
				CLANG_WARN_NON_LITERAL_NULL_CONVERSION = YES;
				CLANG_WARN_OBJC_IMPLICIT_RETAIN_SELF = YES;
				CLANG_WARN_OBJC_LITERAL_CONVERSION = YES;
				CLANG_WARN_OBJC_ROOT_CLASS = YES_ERROR;
				CLANG_WARN_QUOTED_INCLUDE_IN_FRAMEWORK_HEADER = YES;
				CLANG_WARN_RANGE_LOOP_ANALYSIS = YES;
				CLANG_WARN_STRICT_PROTOTYPES = YES;
				CLANG_WARN_SUSPICIOUS_MOVE = YES;
				CLANG_WARN_UNGUARDED_AVAILABILITY = YES_AGGRESSIVE;
				CLANG_WARN_UNREACHABLE_CODE = YES;
				CLANG_WARN__DUPLICATE_METHOD_MATCH = YES;
				COPY_PHASE_STRIP = NO;
				DEBUG_INFORMATION_FORMAT = "dwarf-with-dsym";
				ENABLE_NS_ASSERTIONS = NO;
				ENABLE_STRICT_OBJC_MSGSEND = YES;
				GCC_C_LANGUAGE_STANDARD = gnu11;
				GCC_NO_COMMON_BLOCKS = YES;
				GCC_WARN_64_TO_32_BIT_CONVERSION = YES;
				GCC_WARN_ABOUT_RETURN_TYPE = YES_ERROR;
				GCC_WARN_UNDECLARED_SELECTOR = YES;
				GCC_WARN_UNINITIALIZED_AUTOS = YES_AGGRESSIVE;
				GCC_WARN_UNUSED_FUNCTION = YES;
				GCC_WARN_UNUSED_VARIABLE = YES;
				IPHONEOS_DEPLOYMENT_TARGET = 14.4;
				MTL_ENABLE_DEBUG_INFO = NO;
				MTL_FAST_MATH = YES;
				SDKROOT = iphoneos;
				SWIFT_COMPILATION_MODE = wholemodule;
				SWIFT_OPTIMIZATION_LEVEL = "-O";
				VALIDATE_PRODUCT = YES;
			};
			name = Release;
		};
		1EBE30C12631B43A00EF4F73 /* Debug */ = {
			isa = XCBuildConfiguration;
			buildSettings = {
				ASSETCATALOG_COMPILER_APPICON_NAME = AppIcon;
				ASSETCATALOG_COMPILER_GLOBAL_ACCENT_COLOR_NAME = AccentColor;
				CODE_SIGN_STYLE = Automatic;
				DEVELOPMENT_TEAM = DD77Z52DR7;
				INFOPLIST_FILE = "API Project/Info.plist";
				LD_RUNPATH_SEARCH_PATHS = (
					"$(inherited)",
					"@executable_path/Frameworks",
				);
				PRODUCT_BUNDLE_IDENTIFIER = "ryanbit.API-Project";
				PRODUCT_NAME = "$(TARGET_NAME)";
				SWIFT_VERSION = 5.0;
				TARGETED_DEVICE_FAMILY = "1,2";
			};
			name = Debug;
		};
		1EBE30C22631B43A00EF4F73 /* Release */ = {
			isa = XCBuildConfiguration;
			buildSettings = {
				ASSETCATALOG_COMPILER_APPICON_NAME = AppIcon;
				ASSETCATALOG_COMPILER_GLOBAL_ACCENT_COLOR_NAME = AccentColor;
				CODE_SIGN_STYLE = Automatic;
				DEVELOPMENT_TEAM = DD77Z52DR7;
				INFOPLIST_FILE = "API Project/Info.plist";
				LD_RUNPATH_SEARCH_PATHS = (
					"$(inherited)",
					"@executable_path/Frameworks",
				);
				PRODUCT_BUNDLE_IDENTIFIER = "ryanbit.API-Project";
				PRODUCT_NAME = "$(TARGET_NAME)";
				SWIFT_VERSION = 5.0;
				TARGETED_DEVICE_FAMILY = "1,2";
			};
			name = Release;
		};
/* End XCBuildConfiguration section */

/* Begin XCConfigurationList section */
		1EBE30A72631B43900EF4F73 /* Build configuration list for PBXProject "API Project" */ = {
			isa = XCConfigurationList;
			buildConfigurations = (
				1EBE30BE2631B43A00EF4F73 /* Debug */,
				1EBE30BF2631B43A00EF4F73 /* Release */,
			);
			defaultConfigurationIsVisible = 0;
			defaultConfigurationName = Release;
		};
		1EBE30C02631B43A00EF4F73 /* Build configuration list for PBXNativeTarget "API Project" */ = {
			isa = XCConfigurationList;
			buildConfigurations = (
				1EBE30C12631B43A00EF4F73 /* Debug */,
				1EBE30C22631B43A00EF4F73 /* Release */,
			);
			defaultConfigurationIsVisible = 0;
			defaultConfigurationName = Release;
		};
/* End XCConfigurationList section */
	};
	rootObject = 1EBE30A42631B43900EF4F73 /* Project object */;
}
